// !$*UTF8*$!
{
	archiveVersion = 1;
	classes = {
	};
	objectVersion = 46;
	objects = {

/* Begin PBXBuildFile section */
		392000F31DC0F0880083B942 /* AppDelegate.swift in Sources */ = {isa = PBXBuildFile; fileRef = 392000F21DC0F0880083B942 /* AppDelegate.swift */; };
		392000F51DC0F0880083B942 /* FirstViewController.swift in Sources */ = {isa = PBXBuildFile; fileRef = 392000F41DC0F0880083B942 /* FirstViewController.swift */; };
		392000FA1DC0F0880083B942 /* Main.storyboard in Resources */ = {isa = PBXBuildFile; fileRef = 392000F81DC0F0880083B942 /* Main.storyboard */; };
		392000FC1DC0F0880083B942 /* Assets.xcassets in Resources */ = {isa = PBXBuildFile; fileRef = 392000FB1DC0F0880083B942 /* Assets.xcassets */; };
		392000FF1DC0F0880083B942 /* LaunchScreen.storyboard in Resources */ = {isa = PBXBuildFile; fileRef = 392000FD1DC0F0880083B942 /* LaunchScreen.storyboard */; };
		3920010A1DC100FE0083B942 /* QuestionnaireViewController.swift in Sources */ = {isa = PBXBuildFile; fileRef = 392001091DC100FE0083B942 /* QuestionnaireViewController.swift */; };
		3920010C1DC101160083B942 /* QuestionnaireViewModel.swift in Sources */ = {isa = PBXBuildFile; fileRef = 3920010B1DC101160083B942 /* QuestionnaireViewModel.swift */; };
		392001121DC104F30083B942 /* TextTableViewCell.swift in Sources */ = {isa = PBXBuildFile; fileRef = 392001101DC104F30083B942 /* TextTableViewCell.swift */; };
		392001161DC105850083B942 /* NumericTableViewCell.swift in Sources */ = {isa = PBXBuildFile; fileRef = 392001141DC105850083B942 /* NumericTableViewCell.swift */; };
		39405FEA1DCE81270049A96D /* QuestionnaireRepository.swift in Sources */ = {isa = PBXBuildFile; fileRef = 39405FE91DCE81270049A96D /* QuestionnaireRepository.swift */; };
		39405FEC1DCE8F020049A96D /* QuestionTypes.swift in Sources */ = {isa = PBXBuildFile; fileRef = 39405FEB1DCE8F020049A96D /* QuestionTypes.swift */; };
		39405FEE1DCEAB110049A96D /* NVActivityIndicatorView.framework in Frameworks */ = {isa = PBXBuildFile; fileRef = 39405FED1DCEAB110049A96D /* NVActivityIndicatorView.framework */; };
		39405FEF1DCEAB1C0049A96D /* NVActivityIndicatorView.framework in Frameworks */ = {isa = PBXBuildFile; fileRef = 39405FED1DCEAB110049A96D /* NVActivityIndicatorView.framework */; };
		39405FF01DCEAB1C0049A96D /* NVActivityIndicatorView.framework in CopyFiles */ = {isa = PBXBuildFile; fileRef = 39405FED1DCEAB110049A96D /* NVActivityIndicatorView.framework */; settings = {ATTRIBUTES = (CodeSignOnCopy, RemoveHeadersOnCopy, ); }; };
		39405FF31DCEAEA90049A96D /* HexaColor.swift in Sources */ = {isa = PBXBuildFile; fileRef = 39405FF21DCEAEA90049A96D /* HexaColor.swift */; };
		39405FF51DCEAEF30049A96D /* Utils.swift in Sources */ = {isa = PBXBuildFile; fileRef = 39405FF41DCEAEF30049A96D /* Utils.swift */; };
		39405FF81DCF1FF70049A96D /* questionnaire.json in Resources */ = {isa = PBXBuildFile; fileRef = 39405FF71DCF1FF70049A96D /* questionnaire.json */; };
		39405FFA1DCF202B0049A96D /* QuestionnaireFileSource.swift in Sources */ = {isa = PBXBuildFile; fileRef = 39405FF91DCF202B0049A96D /* QuestionnaireFileSource.swift */; };
		39405FFC1DCF36620049A96D /* DisplayableQuestionnaireState.swift in Sources */ = {isa = PBXBuildFile; fileRef = 39405FFB1DCF36620049A96D /* DisplayableQuestionnaireState.swift */; };
		39405FFE1DCF54780049A96D /* SelectionTableViewCell.swift in Sources */ = {isa = PBXBuildFile; fileRef = 39405FFD1DCF54780049A96D /* SelectionTableViewCell.swift */; };
		39459B3D1DD09B0400D967A2 /* Answer.swift in Sources */ = {isa = PBXBuildFile; fileRef = 39459B3C1DD09B0400D967A2 /* Answer.swift */; };
		39459B3F1DD09C5900D967A2 /* Choice.swift in Sources */ = {isa = PBXBuildFile; fileRef = 39459B3E1DD09C5900D967A2 /* Choice.swift */; };
		39459B411DD0A7C800D967A2 /* ChoiceCell.swift in Sources */ = {isa = PBXBuildFile; fileRef = 39459B401DD0A7C800D967A2 /* ChoiceCell.swift */; };
		39459B431DD0BD4000D967A2 /* ToastSwiftFramework.framework in Frameworks */ = {isa = PBXBuildFile; fileRef = 39459B421DD0BD4000D967A2 /* ToastSwiftFramework.framework */; };
		39459B441DD0BD6E00D967A2 /* ToastSwiftFramework.framework in Frameworks */ = {isa = PBXBuildFile; fileRef = 39459B421DD0BD4000D967A2 /* ToastSwiftFramework.framework */; };
		39459B451DD0BD6E00D967A2 /* ToastSwiftFramework.framework in CopyFiles */ = {isa = PBXBuildFile; fileRef = 39459B421DD0BD4000D967A2 /* ToastSwiftFramework.framework */; settings = {ATTRIBUTES = (CodeSignOnCopy, RemoveHeadersOnCopy, ); }; };
		39459B481DD0C39000D967A2 /* Questionnaire.xcdatamodeld in Sources */ = {isa = PBXBuildFile; fileRef = 39459B461DD0C39000D967A2 /* Questionnaire.xcdatamodeld */; };
		39459B4A1DD0C5E800D967A2 /* AnswerRepo.swift in Sources */ = {isa = PBXBuildFile; fileRef = 39459B491DD0C5E800D967A2 /* AnswerRepo.swift */; };
		39459B4C1DD0C64500D967A2 /* AnswerCoreData.swift in Sources */ = {isa = PBXBuildFile; fileRef = 39459B4B1DD0C64500D967A2 /* AnswerCoreData.swift */; };
		39459B4E1DD0CB9C00D967A2 /* AnswerRepository.swift in Sources */ = {isa = PBXBuildFile; fileRef = 39459B4D1DD0CB9C00D967A2 /* AnswerRepository.swift */; };
		39459B501DD0DD8000D967A2 /* QuestionsViewController.swift in Sources */ = {isa = PBXBuildFile; fileRef = 39459B4F1DD0DD8000D967A2 /* QuestionsViewController.swift */; };
		39459B521DD0DD9400D967A2 /* QuestionsViewModel.swift in Sources */ = {isa = PBXBuildFile; fileRef = 39459B511DD0DD9400D967A2 /* QuestionsViewModel.swift */; };
		39459B551DD1347000D967A2 /* Charts.framework in Frameworks */ = {isa = PBXBuildFile; fileRef = 39459B541DD1347000D967A2 /* Charts.framework */; };
		39459B561DD1347500D967A2 /* Charts.framework in Frameworks */ = {isa = PBXBuildFile; fileRef = 39459B541DD1347000D967A2 /* Charts.framework */; };
		39459B571DD1347500D967A2 /* Charts.framework in CopyFiles */ = {isa = PBXBuildFile; fileRef = 39459B541DD1347000D967A2 /* Charts.framework */; settings = {ATTRIBUTES = (CodeSignOnCopy, RemoveHeadersOnCopy, ); }; };
		39459B5A1DD24E1300D967A2 /* StatisticNumericViewController.swift in Sources */ = {isa = PBXBuildFile; fileRef = 39459B591DD24E1300D967A2 /* StatisticNumericViewController.swift */; };
		39459B5C1DD24E7000D967A2 /* BaseStatisticViewController.swift in Sources */ = {isa = PBXBuildFile; fileRef = 39459B5B1DD24E7000D967A2 /* BaseStatisticViewController.swift */; };
		39459B5E1DD2504000D967A2 /* StatisticNumericPageViewController.swift in Sources */ = {isa = PBXBuildFile; fileRef = 39459B5D1DD2504000D967A2 /* StatisticNumericPageViewController.swift */; };
		39459B601DD2508A00D967A2 /* NumericGraphViewController.swift in Sources */ = {isa = PBXBuildFile; fileRef = 39459B5F1DD2508A00D967A2 /* NumericGraphViewController.swift */; };
		39459B621DD250A200D967A2 /* NumericStatsViewController.swift in Sources */ = {isa = PBXBuildFile; fileRef = 39459B611DD250A200D967A2 /* NumericStatsViewController.swift */; };
		39459B641DD2A39F00D967A2 /* StatisticNumericViewModel.swift in Sources */ = {isa = PBXBuildFile; fileRef = 39459B631DD2A39F00D967A2 /* StatisticNumericViewModel.swift */; };
		3980D2E01DD36C6000DC6F89 /* NumericAnswerTableViewCell.swift in Sources */ = {isa = PBXBuildFile; fileRef = 3980D2DF1DD36C6000DC6F89 /* NumericAnswerTableViewCell.swift */; };
		3980D2E21DD37C9100DC6F89 /* AnswerSimulatedRepo.swift in Sources */ = {isa = PBXBuildFile; fileRef = 3980D2E11DD37C9100DC6F89 /* AnswerSimulatedRepo.swift */; };
		39EE5BA11DCE34B400A82D80 /* Alamofire.framework in Frameworks */ = {isa = PBXBuildFile; fileRef = 39EE5B9B1DCE34B400A82D80 /* Alamofire.framework */; };
		39EE5BA21DCE34B400A82D80 /* RxBlocking.framework in Frameworks */ = {isa = PBXBuildFile; fileRef = 39EE5B9C1DCE34B400A82D80 /* RxBlocking.framework */; };
		39EE5BA31DCE34B400A82D80 /* RxCocoa.framework in Frameworks */ = {isa = PBXBuildFile; fileRef = 39EE5B9D1DCE34B400A82D80 /* RxCocoa.framework */; };
		39EE5BA41DCE34B400A82D80 /* RxSwift.framework in Frameworks */ = {isa = PBXBuildFile; fileRef = 39EE5B9E1DCE34B400A82D80 /* RxSwift.framework */; };
		39EE5BA61DCE34B400A82D80 /* SwiftyJSON.framework in Frameworks */ = {isa = PBXBuildFile; fileRef = 39EE5BA01DCE34B400A82D80 /* SwiftyJSON.framework */; };
		39EE5BA81DCE34ED00A82D80 /* Alamofire.framework in CopyFiles */ = {isa = PBXBuildFile; fileRef = 39EE5B9B1DCE34B400A82D80 /* Alamofire.framework */; settings = {ATTRIBUTES = (CodeSignOnCopy, RemoveHeadersOnCopy, ); }; };
		39EE5BA91DCE34ED00A82D80 /* RxBlocking.framework in CopyFiles */ = {isa = PBXBuildFile; fileRef = 39EE5B9C1DCE34B400A82D80 /* RxBlocking.framework */; settings = {ATTRIBUTES = (CodeSignOnCopy, RemoveHeadersOnCopy, ); }; };
		39EE5BAA1DCE34ED00A82D80 /* RxCocoa.framework in CopyFiles */ = {isa = PBXBuildFile; fileRef = 39EE5B9D1DCE34B400A82D80 /* RxCocoa.framework */; settings = {ATTRIBUTES = (CodeSignOnCopy, RemoveHeadersOnCopy, ); }; };
		39EE5BAB1DCE34ED00A82D80 /* RxSwift.framework in CopyFiles */ = {isa = PBXBuildFile; fileRef = 39EE5B9E1DCE34B400A82D80 /* RxSwift.framework */; settings = {ATTRIBUTES = (CodeSignOnCopy, RemoveHeadersOnCopy, ); }; };
		39EE5BAD1DCE34ED00A82D80 /* SwiftyJSON.framework in CopyFiles */ = {isa = PBXBuildFile; fileRef = 39EE5BA01DCE34B400A82D80 /* SwiftyJSON.framework */; settings = {ATTRIBUTES = (CodeSignOnCopy, RemoveHeadersOnCopy, ); }; };
		39EE5BB51DCE77E400A82D80 /* Question.swift in Sources */ = {isa = PBXBuildFile; fileRef = 39EE5BB41DCE77E400A82D80 /* Question.swift */; };
		39EE5BBF1DCE7B5900A82D80 /* Injection.swift in Sources */ = {isa = PBXBuildFile; fileRef = 39EE5BBE1DCE7B5900A82D80 /* Injection.swift */; };
		39EE5BC11DCE7C0700A82D80 /* Questionnaire.swift in Sources */ = {isa = PBXBuildFile; fileRef = 39EE5BC01DCE7C0700A82D80 /* Questionnaire.swift */; };
		39EE5BC41DCE7ECF00A82D80 /* QuestionnaireRepo.swift in Sources */ = {isa = PBXBuildFile; fileRef = 39EE5BC21DCE7ECF00A82D80 /* QuestionnaireRepo.swift */; };
		39EE5BC51DCE7ECF00A82D80 /* QuestionnaireService.swift in Sources */ = {isa = PBXBuildFile; fileRef = 39EE5BC31DCE7ECF00A82D80 /* QuestionnaireService.swift */; };
/* End PBXBuildFile section */

/* Begin PBXCopyFilesBuildPhase section */
		39EE5BA71DCE34DE00A82D80 /* CopyFiles */ = {
			isa = PBXCopyFilesBuildPhase;
			buildActionMask = 2147483647;
			dstPath = "";
			dstSubfolderSpec = 10;
			files = (
				39EE5BA81DCE34ED00A82D80 /* Alamofire.framework in CopyFiles */,
				39459B571DD1347500D967A2 /* Charts.framework in CopyFiles */,
				39459B451DD0BD6E00D967A2 /* ToastSwiftFramework.framework in CopyFiles */,
				39EE5BA91DCE34ED00A82D80 /* RxBlocking.framework in CopyFiles */,
				39405FF01DCEAB1C0049A96D /* NVActivityIndicatorView.framework in CopyFiles */,
				39EE5BAA1DCE34ED00A82D80 /* RxCocoa.framework in CopyFiles */,
				39EE5BAB1DCE34ED00A82D80 /* RxSwift.framework in CopyFiles */,
				39EE5BAD1DCE34ED00A82D80 /* SwiftyJSON.framework in CopyFiles */,
			);
			runOnlyForDeploymentPostprocessing = 0;
		};
/* End PBXCopyFilesBuildPhase section */

/* Begin PBXFileReference section */
		392000EF1DC0F0880083B942 /* Questionnaire.app */ = {isa = PBXFileReference; explicitFileType = wrapper.application; includeInIndex = 0; path = Questionnaire.app; sourceTree = BUILT_PRODUCTS_DIR; };
		392000F21DC0F0880083B942 /* AppDelegate.swift */ = {isa = PBXFileReference; lastKnownFileType = sourcecode.swift; path = AppDelegate.swift; sourceTree = "<group>"; };
		392000F41DC0F0880083B942 /* FirstViewController.swift */ = {isa = PBXFileReference; lastKnownFileType = sourcecode.swift; path = FirstViewController.swift; sourceTree = "<group>"; };
		392000F91DC0F0880083B942 /* Base */ = {isa = PBXFileReference; lastKnownFileType = file.storyboard; name = Base; path = Base.lproj/Main.storyboard; sourceTree = "<group>"; };
		392000FB1DC0F0880083B942 /* Assets.xcassets */ = {isa = PBXFileReference; lastKnownFileType = folder.assetcatalog; path = Assets.xcassets; sourceTree = "<group>"; };
		392000FE1DC0F0880083B942 /* Base */ = {isa = PBXFileReference; lastKnownFileType = file.storyboard; name = Base; path = Base.lproj/LaunchScreen.storyboard; sourceTree = "<group>"; };
		392001001DC0F0880083B942 /* Info.plist */ = {isa = PBXFileReference; lastKnownFileType = text.plist.xml; path = Info.plist; sourceTree = "<group>"; };
		392001091DC100FE0083B942 /* QuestionnaireViewController.swift */ = {isa = PBXFileReference; fileEncoding = 4; lastKnownFileType = sourcecode.swift; name = QuestionnaireViewController.swift; path = Questionnaire/QuestionnaireViewController.swift; sourceTree = "<group>"; };
		3920010B1DC101160083B942 /* QuestionnaireViewModel.swift */ = {isa = PBXFileReference; fileEncoding = 4; lastKnownFileType = sourcecode.swift; name = QuestionnaireViewModel.swift; path = Questionnaire/QuestionnaireViewModel.swift; sourceTree = "<group>"; };
		392001101DC104F30083B942 /* TextTableViewCell.swift */ = {isa = PBXFileReference; fileEncoding = 4; lastKnownFileType = sourcecode.swift; name = TextTableViewCell.swift; path = Questionnaire/Cells/TextTableViewCell.swift; sourceTree = "<group>"; };
		392001141DC105850083B942 /* NumericTableViewCell.swift */ = {isa = PBXFileReference; fileEncoding = 4; lastKnownFileType = sourcecode.swift; name = NumericTableViewCell.swift; path = Questionnaire/Cells/NumericTableViewCell.swift; sourceTree = "<group>"; };
		39405FE91DCE81270049A96D /* QuestionnaireRepository.swift */ = {isa = PBXFileReference; fileEncoding = 4; lastKnownFileType = sourcecode.swift; name = QuestionnaireRepository.swift; path = Data/Source/QuestionnaireRepository.swift; sourceTree = "<group>"; };
		39405FEB1DCE8F020049A96D /* QuestionTypes.swift */ = {isa = PBXFileReference; fileEncoding = 4; lastKnownFileType = sourcecode.swift; name = QuestionTypes.swift; path = Data/Models/QuestionTypes.swift; sourceTree = "<group>"; };
		39405FED1DCEAB110049A96D /* NVActivityIndicatorView.framework */ = {isa = PBXFileReference; lastKnownFileType = wrapper.framework; name = NVActivityIndicatorView.framework; path = Carthage/Build/iOS/NVActivityIndicatorView.framework; sourceTree = "<group>"; };
		39405FF21DCEAEA90049A96D /* HexaColor.swift */ = {isa = PBXFileReference; fileEncoding = 4; lastKnownFileType = sourcecode.swift; name = HexaColor.swift; path = Utils/HexaColor.swift; sourceTree = "<group>"; };
		39405FF41DCEAEF30049A96D /* Utils.swift */ = {isa = PBXFileReference; fileEncoding = 4; lastKnownFileType = sourcecode.swift; name = Utils.swift; path = Utils/Utils.swift; sourceTree = "<group>"; };
		39405FF71DCF1FF70049A96D /* questionnaire.json */ = {isa = PBXFileReference; fileEncoding = 4; lastKnownFileType = text.json; name = questionnaire.json; path = Data/Files/questionnaire.json; sourceTree = "<group>"; };
		39405FF91DCF202B0049A96D /* QuestionnaireFileSource.swift */ = {isa = PBXFileReference; fileEncoding = 4; lastKnownFileType = sourcecode.swift; name = QuestionnaireFileSource.swift; path = Data/Source/QuestionnaireFileSource.swift; sourceTree = "<group>"; };
		39405FFB1DCF36620049A96D /* DisplayableQuestionnaireState.swift */ = {isa = PBXFileReference; fileEncoding = 4; lastKnownFileType = sourcecode.swift; name = DisplayableQuestionnaireState.swift; path = Questionnaire/DisplayableQuestionnaireState.swift; sourceTree = "<group>"; };
		39405FFD1DCF54780049A96D /* SelectionTableViewCell.swift */ = {isa = PBXFileReference; fileEncoding = 4; lastKnownFileType = sourcecode.swift; name = SelectionTableViewCell.swift; path = Questionnaire/Cells/SelectionTableViewCell.swift; sourceTree = "<group>"; };
		39459B3C1DD09B0400D967A2 /* Answer.swift */ = {isa = PBXFileReference; fileEncoding = 4; lastKnownFileType = sourcecode.swift; name = Answer.swift; path = Data/Models/Answer.swift; sourceTree = "<group>"; };
		39459B3E1DD09C5900D967A2 /* Choice.swift */ = {isa = PBXFileReference; fileEncoding = 4; lastKnownFileType = sourcecode.swift; name = Choice.swift; path = Data/Models/Choice.swift; sourceTree = "<group>"; };
		39459B401DD0A7C800D967A2 /* ChoiceCell.swift */ = {isa = PBXFileReference; fileEncoding = 4; lastKnownFileType = sourcecode.swift; name = ChoiceCell.swift; path = Questionnaire/Cells/ChoiceCell.swift; sourceTree = "<group>"; };
		39459B421DD0BD4000D967A2 /* ToastSwiftFramework.framework */ = {isa = PBXFileReference; lastKnownFileType = wrapper.framework; name = ToastSwiftFramework.framework; path = Carthage/Build/iOS/ToastSwiftFramework.framework; sourceTree = "<group>"; };
		39459B471DD0C39000D967A2 /* Questionnaire.xcdatamodel */ = {isa = PBXFileReference; lastKnownFileType = wrapper.xcdatamodel; path = Questionnaire.xcdatamodel; sourceTree = "<group>"; };
		39459B491DD0C5E800D967A2 /* AnswerRepo.swift */ = {isa = PBXFileReference; fileEncoding = 4; lastKnownFileType = sourcecode.swift; name = AnswerRepo.swift; path = Data/Source/AnswerRepo.swift; sourceTree = "<group>"; };
		39459B4B1DD0C64500D967A2 /* AnswerCoreData.swift */ = {isa = PBXFileReference; fileEncoding = 4; lastKnownFileType = sourcecode.swift; name = AnswerCoreData.swift; path = Data/Source/AnswerCoreData.swift; sourceTree = "<group>"; };
		39459B4D1DD0CB9C00D967A2 /* AnswerRepository.swift */ = {isa = PBXFileReference; fileEncoding = 4; lastKnownFileType = sourcecode.swift; name = AnswerRepository.swift; path = Data/Source/AnswerRepository.swift; sourceTree = "<group>"; };
		39459B4F1DD0DD8000D967A2 /* QuestionsViewController.swift */ = {isa = PBXFileReference; fileEncoding = 4; lastKnownFileType = sourcecode.swift; name = QuestionsViewController.swift; path = Stadistics/QuestionsViewController.swift; sourceTree = "<group>"; };
		39459B511DD0DD9400D967A2 /* QuestionsViewModel.swift */ = {isa = PBXFileReference; fileEncoding = 4; lastKnownFileType = sourcecode.swift; name = QuestionsViewModel.swift; path = Stadistics/QuestionsViewModel.swift; sourceTree = "<group>"; };
		39459B541DD1347000D967A2 /* Charts.framework */ = {isa = PBXFileReference; lastKnownFileType = wrapper.framework; name = Charts.framework; path = Carthage/Build/iOS/Charts.framework; sourceTree = "<group>"; };
		39459B591DD24E1300D967A2 /* StatisticNumericViewController.swift */ = {isa = PBXFileReference; fileEncoding = 4; lastKnownFileType = sourcecode.swift; name = StatisticNumericViewController.swift; path = Stadistics/Numeric/StatisticNumericViewController.swift; sourceTree = "<group>"; };
		39459B5B1DD24E7000D967A2 /* BaseStatisticViewController.swift */ = {isa = PBXFileReference; fileEncoding = 4; lastKnownFileType = sourcecode.swift; name = BaseStatisticViewController.swift; path = Stadistics/BaseStatisticViewController.swift; sourceTree = "<group>"; };
		39459B5D1DD2504000D967A2 /* StatisticNumericPageViewController.swift */ = {isa = PBXFileReference; fileEncoding = 4; lastKnownFileType = sourcecode.swift; name = StatisticNumericPageViewController.swift; path = Stadistics/Numeric/StatisticNumericPageViewController.swift; sourceTree = "<group>"; };
		39459B5F1DD2508A00D967A2 /* NumericGraphViewController.swift */ = {isa = PBXFileReference; fileEncoding = 4; lastKnownFileType = sourcecode.swift; name = NumericGraphViewController.swift; path = Stadistics/Numeric/NumericGraphViewController.swift; sourceTree = "<group>"; };
		39459B611DD250A200D967A2 /* NumericStatsViewController.swift */ = {isa = PBXFileReference; fileEncoding = 4; lastKnownFileType = sourcecode.swift; name = NumericStatsViewController.swift; path = Stadistics/Numeric/NumericStatsViewController.swift; sourceTree = "<group>"; };
		39459B631DD2A39F00D967A2 /* StatisticNumericViewModel.swift */ = {isa = PBXFileReference; fileEncoding = 4; lastKnownFileType = sourcecode.swift; name = StatisticNumericViewModel.swift; path = Stadistics/Numeric/StatisticNumericViewModel.swift; sourceTree = "<group>"; };
		3980D2DF1DD36C6000DC6F89 /* NumericAnswerTableViewCell.swift */ = {isa = PBXFileReference; fileEncoding = 4; lastKnownFileType = sourcecode.swift; name = NumericAnswerTableViewCell.swift; path = Stadistics/Numeric/NumericAnswerTableViewCell.swift; sourceTree = "<group>"; };
		3980D2E11DD37C9100DC6F89 /* AnswerSimulatedRepo.swift */ = {isa = PBXFileReference; fileEncoding = 4; lastKnownFileType = sourcecode.swift; name = AnswerSimulatedRepo.swift; path = Data/Source/AnswerSimulatedRepo.swift; sourceTree = "<group>"; };
		39EE5B9B1DCE34B400A82D80 /* Alamofire.framework */ = {isa = PBXFileReference; lastKnownFileType = wrapper.framework; name = Alamofire.framework; path = Carthage/Build/iOS/Alamofire.framework; sourceTree = "<group>"; };
		39EE5B9C1DCE34B400A82D80 /* RxBlocking.framework */ = {isa = PBXFileReference; lastKnownFileType = wrapper.framework; name = RxBlocking.framework; path = Carthage/Build/iOS/RxBlocking.framework; sourceTree = "<group>"; };
		39EE5B9D1DCE34B400A82D80 /* RxCocoa.framework */ = {isa = PBXFileReference; lastKnownFileType = wrapper.framework; name = RxCocoa.framework; path = Carthage/Build/iOS/RxCocoa.framework; sourceTree = "<group>"; };
		39EE5B9E1DCE34B400A82D80 /* RxSwift.framework */ = {isa = PBXFileReference; lastKnownFileType = wrapper.framework; name = RxSwift.framework; path = Carthage/Build/iOS/RxSwift.framework; sourceTree = "<group>"; };
		39EE5B9F1DCE34B400A82D80 /* RxTest.framework */ = {isa = PBXFileReference; lastKnownFileType = wrapper.framework; name = RxTest.framework; path = Carthage/Build/iOS/RxTest.framework; sourceTree = "<group>"; };
		39EE5BA01DCE34B400A82D80 /* SwiftyJSON.framework */ = {isa = PBXFileReference; lastKnownFileType = wrapper.framework; name = SwiftyJSON.framework; path = Carthage/Build/iOS/SwiftyJSON.framework; sourceTree = "<group>"; };
		39EE5BB41DCE77E400A82D80 /* Question.swift */ = {isa = PBXFileReference; fileEncoding = 4; lastKnownFileType = sourcecode.swift; name = Question.swift; path = Data/Models/Question.swift; sourceTree = "<group>"; };
		39EE5BBE1DCE7B5900A82D80 /* Injection.swift */ = {isa = PBXFileReference; fileEncoding = 4; lastKnownFileType = sourcecode.swift; name = Injection.swift; path = Injection/Injection.swift; sourceTree = "<group>"; };
		39EE5BC01DCE7C0700A82D80 /* Questionnaire.swift */ = {isa = PBXFileReference; fileEncoding = 4; lastKnownFileType = sourcecode.swift; name = Questionnaire.swift; path = Data/Models/Questionnaire.swift; sourceTree = "<group>"; };
		39EE5BC21DCE7ECF00A82D80 /* QuestionnaireRepo.swift */ = {isa = PBXFileReference; fileEncoding = 4; lastKnownFileType = sourcecode.swift; name = QuestionnaireRepo.swift; path = Data/Source/QuestionnaireRepo.swift; sourceTree = "<group>"; };
		39EE5BC31DCE7ECF00A82D80 /* QuestionnaireService.swift */ = {isa = PBXFileReference; fileEncoding = 4; lastKnownFileType = sourcecode.swift; name = QuestionnaireService.swift; path = Data/Source/QuestionnaireService.swift; sourceTree = "<group>"; };
/* End PBXFileReference section */

/* Begin PBXFrameworksBuildPhase section */
		392000EC1DC0F0880083B942 /* Frameworks */ = {
			isa = PBXFrameworksBuildPhase;
			buildActionMask = 2147483647;
			files = (
				39EE5BA11DCE34B400A82D80 /* Alamofire.framework in Frameworks */,
				39405FEF1DCEAB1C0049A96D /* NVActivityIndicatorView.framework in Frameworks */,
				39EE5BA21DCE34B400A82D80 /* RxBlocking.framework in Frameworks */,
				39EE5BA31DCE34B400A82D80 /* RxCocoa.framework in Frameworks */,
				39459B441DD0BD6E00D967A2 /* ToastSwiftFramework.framework in Frameworks */,
				39EE5BA41DCE34B400A82D80 /* RxSwift.framework in Frameworks */,
				39EE5BA61DCE34B400A82D80 /* SwiftyJSON.framework in Frameworks */,
				39405FEE1DCEAB110049A96D /* NVActivityIndicatorView.framework in Frameworks */,
				39459B431DD0BD4000D967A2 /* ToastSwiftFramework.framework in Frameworks */,
				39459B561DD1347500D967A2 /* Charts.framework in Frameworks */,
				39459B551DD1347000D967A2 /* Charts.framework in Frameworks */,
			);
			runOnlyForDeploymentPostprocessing = 0;
		};
/* End PBXFrameworksBuildPhase section */

/* Begin PBXGroup section */
		392000E61DC0F0880083B942 = {
			isa = PBXGroup;
			children = (
				392000F11DC0F0880083B942 /* Questionnaire */,
				392000F01DC0F0880083B942 /* Products */,
				39EE5B9A1DCE34B200A82D80 /* Frameworks */,
			);
			sourceTree = "<group>";
		};
		392000F01DC0F0880083B942 /* Products */ = {
			isa = PBXGroup;
			children = (
				392000EF1DC0F0880083B942 /* Questionnaire.app */,
			);
			name = Products;
			sourceTree = "<group>";
		};
		392000F11DC0F0880083B942 /* Questionnaire */ = {
			isa = PBXGroup;
			children = (
				39405FF11DCEAE610049A96D /* Utils */,
				39EE5BBD1DCE7B4800A82D80 /* Injection */,
				39EE5BB11DCE77C600A82D80 /* Data */,
				392001081DC0F8C40083B942 /* Statistics */,
				392001071DC0F8A40083B942 /* Questionnarie */,
				392000F21DC0F0880083B942 /* AppDelegate.swift */,
				392000F41DC0F0880083B942 /* FirstViewController.swift */,
				392000F81DC0F0880083B942 /* Main.storyboard */,
				392000FB1DC0F0880083B942 /* Assets.xcassets */,
				392000FD1DC0F0880083B942 /* LaunchScreen.storyboard */,
				392001001DC0F0880083B942 /* Info.plist */,
			);
			path = Questionnaire;
			sourceTree = "<group>";
		};
		392001071DC0F8A40083B942 /* Questionnarie */ = {
			isa = PBXGroup;
			children = (
				3920010F1DC104C40083B942 /* Cells */,
				392001091DC100FE0083B942 /* QuestionnaireViewController.swift */,
				3920010B1DC101160083B942 /* QuestionnaireViewModel.swift */,
				39405FFB1DCF36620049A96D /* DisplayableQuestionnaireState.swift */,
			);
			name = Questionnarie;
			sourceTree = "<group>";
		};
		392001081DC0F8C40083B942 /* Statistics */ = {
			isa = PBXGroup;
			children = (
				39459B581DD24DD000D967A2 /* Numeric */,
				39459B4F1DD0DD8000D967A2 /* QuestionsViewController.swift */,
				39459B511DD0DD9400D967A2 /* QuestionsViewModel.swift */,
				39459B5B1DD24E7000D967A2 /* BaseStatisticViewController.swift */,
			);
			name = Statistics;
			sourceTree = "<group>";
		};
		3920010F1DC104C40083B942 /* Cells */ = {
			isa = PBXGroup;
			children = (
				392001101DC104F30083B942 /* TextTableViewCell.swift */,
				392001141DC105850083B942 /* NumericTableViewCell.swift */,
				39405FFD1DCF54780049A96D /* SelectionTableViewCell.swift */,
				39459B401DD0A7C800D967A2 /* ChoiceCell.swift */,
			);
			name = Cells;
			sourceTree = "<group>";
		};
		39405FF11DCEAE610049A96D /* Utils */ = {
			isa = PBXGroup;
			children = (
				39405FF21DCEAEA90049A96D /* HexaColor.swift */,
				39405FF41DCEAEF30049A96D /* Utils.swift */,
			);
			name = Utils;
			sourceTree = "<group>";
		};
		39405FF61DCF1FB60049A96D /* Files */ = {
			isa = PBXGroup;
			children = (
				39405FF71DCF1FF70049A96D /* questionnaire.json */,
			);
			name = Files;
			sourceTree = "<group>";
		};
		39459B581DD24DD000D967A2 /* Numeric */ = {
			isa = PBXGroup;
			children = (
				39459B631DD2A39F00D967A2 /* StatisticNumericViewModel.swift */,
				39459B591DD24E1300D967A2 /* StatisticNumericViewController.swift */,
				39459B5D1DD2504000D967A2 /* StatisticNumericPageViewController.swift */,
				39459B5F1DD2508A00D967A2 /* NumericGraphViewController.swift */,
				39459B611DD250A200D967A2 /* NumericStatsViewController.swift */,
				3980D2DF1DD36C6000DC6F89 /* NumericAnswerTableViewCell.swift */,
			);
			name = Numeric;
			sourceTree = "<group>";
		};
		39EE5B9A1DCE34B200A82D80 /* Frameworks */ = {
			isa = PBXGroup;
			children = (
				39459B541DD1347000D967A2 /* Charts.framework */,
				39459B421DD0BD4000D967A2 /* ToastSwiftFramework.framework */,
				39405FED1DCEAB110049A96D /* NVActivityIndicatorView.framework */,
				39EE5B9B1DCE34B400A82D80 /* Alamofire.framework */,
				39EE5B9C1DCE34B400A82D80 /* RxBlocking.framework */,
				39EE5B9D1DCE34B400A82D80 /* RxCocoa.framework */,
				39EE5B9E1DCE34B400A82D80 /* RxSwift.framework */,
				39EE5B9F1DCE34B400A82D80 /* RxTest.framework */,
				39EE5BA01DCE34B400A82D80 /* SwiftyJSON.framework */,
			);
			name = Frameworks;
			sourceTree = "<group>";
		};
		39EE5BB11DCE77C600A82D80 /* Data */ = {
			isa = PBXGroup;
			children = (
				39405FF61DCF1FB60049A96D /* Files */,
				39EE5BB31DCE77D300A82D80 /* Models */,
				39EE5BB21DCE77CE00A82D80 /* Source */,
			);
			name = Data;
			sourceTree = "<group>";
		};
		39EE5BB21DCE77CE00A82D80 /* Source */ = {
			isa = PBXGroup;
			children = (
				39EE5BC21DCE7ECF00A82D80 /* QuestionnaireRepo.swift */,
				39EE5BC31DCE7ECF00A82D80 /* QuestionnaireService.swift */,
				39405FE91DCE81270049A96D /* QuestionnaireRepository.swift */,
				39405FF91DCF202B0049A96D /* QuestionnaireFileSource.swift */,
				39459B461DD0C39000D967A2 /* Questionnaire.xcdatamodeld */,
				39459B491DD0C5E800D967A2 /* AnswerRepo.swift */,
				39459B4B1DD0C64500D967A2 /* AnswerCoreData.swift */,
				39459B4D1DD0CB9C00D967A2 /* AnswerRepository.swift */,
				3980D2E11DD37C9100DC6F89 /* AnswerSimulatedRepo.swift */,
			);
			name = Source;
			sourceTree = "<group>";
		};
		39EE5BB31DCE77D300A82D80 /* Models */ = {
			isa = PBXGroup;
			children = (
				39EE5BB41DCE77E400A82D80 /* Question.swift */,
				39EE5BC01DCE7C0700A82D80 /* Questionnaire.swift */,
				39405FEB1DCE8F020049A96D /* QuestionTypes.swift */,
				39459B3C1DD09B0400D967A2 /* Answer.swift */,
				39459B3E1DD09C5900D967A2 /* Choice.swift */,
			);
			name = Models;
			sourceTree = "<group>";
		};
		39EE5BBD1DCE7B4800A82D80 /* Injection */ = {
			isa = PBXGroup;
			children = (
				39EE5BBE1DCE7B5900A82D80 /* Injection.swift */,
			);
			name = Injection;
			sourceTree = "<group>";
		};
/* End PBXGroup section */

/* Begin PBXNativeTarget section */
		392000EE1DC0F0880083B942 /* Questionnaire */ = {
			isa = PBXNativeTarget;
			buildConfigurationList = 392001031DC0F0880083B942 /* Build configuration list for PBXNativeTarget "Questionnaire" */;
			buildPhases = (
				392000EB1DC0F0880083B942 /* Sources */,
				392000EC1DC0F0880083B942 /* Frameworks */,
				392000ED1DC0F0880083B942 /* Resources */,
				39EE5BA71DCE34DE00A82D80 /* CopyFiles */,
				39EE5BAF1DCE357400A82D80 /* ShellScript */,
			);
			buildRules = (
			);
			dependencies = (
			);
			name = Questionnaire;
			productName = Questionnaire;
			productReference = 392000EF1DC0F0880083B942 /* Questionnaire.app */;
			productType = "com.apple.product-type.application";
		};
/* End PBXNativeTarget section */

/* Begin PBXProject section */
		392000E71DC0F0880083B942 /* Project object */ = {
			isa = PBXProject;
			attributes = {
				LastSwiftUpdateCheck = 0800;
				LastUpgradeCheck = 0800;
				ORGANIZATIONNAME = "Bruno Aybar";
				TargetAttributes = {
					392000EE1DC0F0880083B942 = {
						CreatedOnToolsVersion = 8.0;
						ProvisioningStyle = Automatic;
					};
				};
			};
			buildConfigurationList = 392000EA1DC0F0880083B942 /* Build configuration list for PBXProject "Questionnaire" */;
			compatibilityVersion = "Xcode 3.2";
			developmentRegion = English;
			hasScannedForEncodings = 0;
			knownRegions = (
				en,
				Base,
			);
			mainGroup = 392000E61DC0F0880083B942;
			productRefGroup = 392000F01DC0F0880083B942 /* Products */;
			projectDirPath = "";
			projectRoot = "";
			targets = (
				392000EE1DC0F0880083B942 /* Questionnaire */,
			);
		};
/* End PBXProject section */

/* Begin PBXResourcesBuildPhase section */
		392000ED1DC0F0880083B942 /* Resources */ = {
			isa = PBXResourcesBuildPhase;
			buildActionMask = 2147483647;
			files = (
				392000FF1DC0F0880083B942 /* LaunchScreen.storyboard in Resources */,
				392000FC1DC0F0880083B942 /* Assets.xcassets in Resources */,
				392000FA1DC0F0880083B942 /* Main.storyboard in Resources */,
				39405FF81DCF1FF70049A96D /* questionnaire.json in Resources */,
			);
			runOnlyForDeploymentPostprocessing = 0;
		};
/* End PBXResourcesBuildPhase section */

/* Begin PBXShellScriptBuildPhase section */
		39EE5BAF1DCE357400A82D80 /* ShellScript */ = {
			isa = PBXShellScriptBuildPhase;
			buildActionMask = 2147483647;
			files = (
			);
			inputPaths = (
				"$(SRCROOT)/Carthage/Build/iOS/Alamofire.framework",
				"$(SRCROOT)/Carthage/Build/iOS/SwiftyJSON.framework",
				"$(SRCROOT)/Carthage/Build/iOS/RxBlocking.framework",
				"$(SRCROOT)/Carthage/Build/iOS/RxCocoa.framework",
				"$(SRCROOT)/Carthage/Build/iOS/RxSwift.framework",
			);
			outputPaths = (
			);
			runOnlyForDeploymentPostprocessing = 0;
			shellPath = /bin/sh;
			shellScript = "/usr/local/bin/carthage copy-frameworks";
		};
/* End PBXShellScriptBuildPhase section */

/* Begin PBXSourcesBuildPhase section */
		392000EB1DC0F0880083B942 /* Sources */ = {
			isa = PBXSourcesBuildPhase;
			buildActionMask = 2147483647;
			files = (
				39459B481DD0C39000D967A2 /* Questionnaire.xcdatamodeld in Sources */,
				39459B4C1DD0C64500D967A2 /* AnswerCoreData.swift in Sources */,
				39405FEC1DCE8F020049A96D /* QuestionTypes.swift in Sources */,
				39459B601DD2508A00D967A2 /* NumericGraphViewController.swift in Sources */,
				39459B3F1DD09C5900D967A2 /* Choice.swift in Sources */,
				39459B5C1DD24E7000D967A2 /* BaseStatisticViewController.swift in Sources */,
				39459B501DD0DD8000D967A2 /* QuestionsViewController.swift in Sources */,
				39405FFE1DCF54780049A96D /* SelectionTableViewCell.swift in Sources */,
				39459B3D1DD09B0400D967A2 /* Answer.swift in Sources */,
				392001121DC104F30083B942 /* TextTableViewCell.swift in Sources */,
				392000F31DC0F0880083B942 /* AppDelegate.swift in Sources */,
				39459B4E1DD0CB9C00D967A2 /* AnswerRepository.swift in Sources */,
				39EE5BB51DCE77E400A82D80 /* Question.swift in Sources */,
				3980D2E21DD37C9100DC6F89 /* AnswerSimulatedRepo.swift in Sources */,
				39459B4A1DD0C5E800D967A2 /* AnswerRepo.swift in Sources */,
				39EE5BC11DCE7C0700A82D80 /* Questionnaire.swift in Sources */,
				39459B5E1DD2504000D967A2 /* StatisticNumericPageViewController.swift in Sources */,
				39459B5A1DD24E1300D967A2 /* StatisticNumericViewController.swift in Sources */,
				392001161DC105850083B942 /* NumericTableViewCell.swift in Sources */,
				39405FF51DCEAEF30049A96D /* Utils.swift in Sources */,
				3920010A1DC100FE0083B942 /* QuestionnaireViewController.swift in Sources */,
				392000F51DC0F0880083B942 /* FirstViewController.swift in Sources */,
				39459B521DD0DD9400D967A2 /* QuestionsViewModel.swift in Sources */,
				39EE5BBF1DCE7B5900A82D80 /* Injection.swift in Sources */,
				39EE5BC51DCE7ECF00A82D80 /* QuestionnaireService.swift in Sources */,
				3980D2E01DD36C6000DC6F89 /* NumericAnswerTableViewCell.swift in Sources */,
				39459B621DD250A200D967A2 /* NumericStatsViewController.swift in Sources */,
				39405FEA1DCE81270049A96D /* QuestionnaireRepository.swift in Sources */,
				3920010C1DC101160083B942 /* QuestionnaireViewModel.swift in Sources */,
				39459B641DD2A39F00D967A2 /* StatisticNumericViewModel.swift in Sources */,
				39405FFC1DCF36620049A96D /* DisplayableQuestionnaireState.swift in Sources */,
				39EE5BC41DCE7ECF00A82D80 /* QuestionnaireRepo.swift in Sources */,
				39405FF31DCEAEA90049A96D /* HexaColor.swift in Sources */,
				39459B411DD0A7C800D967A2 /* ChoiceCell.swift in Sources */,
				39405FFA1DCF202B0049A96D /* QuestionnaireFileSource.swift in Sources */,
			);
			runOnlyForDeploymentPostprocessing = 0;
		};
/* End PBXSourcesBuildPhase section */

/* Begin PBXVariantGroup section */
		392000F81DC0F0880083B942 /* Main.storyboard */ = {
			isa = PBXVariantGroup;
			children = (
				392000F91DC0F0880083B942 /* Base */,
			);
			name = Main.storyboard;
			sourceTree = "<group>";
		};
		392000FD1DC0F0880083B942 /* LaunchScreen.storyboard */ = {
			isa = PBXVariantGroup;
			children = (
				392000FE1DC0F0880083B942 /* Base */,
			);
			name = LaunchScreen.storyboard;
			sourceTree = "<group>";
		};
/* End PBXVariantGroup section */

/* Begin XCBuildConfiguration section */
		392001011DC0F0880083B942 /* Debug */ = {
			isa = XCBuildConfiguration;
			buildSettings = {
				ALWAYS_SEARCH_USER_PATHS = NO;
				CLANG_ANALYZER_NONNULL = YES;
				CLANG_CXX_LANGUAGE_STANDARD = "gnu++0x";
				CLANG_CXX_LIBRARY = "libc++";
				CLANG_ENABLE_MODULES = YES;
				CLANG_ENABLE_OBJC_ARC = YES;
				CLANG_WARN_BOOL_CONVERSION = YES;
				CLANG_WARN_CONSTANT_CONVERSION = YES;
				CLANG_WARN_DIRECT_OBJC_ISA_USAGE = YES_ERROR;
				CLANG_WARN_DOCUMENTATION_COMMENTS = YES;
				CLANG_WARN_EMPTY_BODY = YES;
				CLANG_WARN_ENUM_CONVERSION = YES;
				CLANG_WARN_INFINITE_RECURSION = YES;
				CLANG_WARN_INT_CONVERSION = YES;
				CLANG_WARN_OBJC_ROOT_CLASS = YES_ERROR;
				CLANG_WARN_SUSPICIOUS_MOVES = YES;
				CLANG_WARN_UNREACHABLE_CODE = YES;
				CLANG_WARN__DUPLICATE_METHOD_MATCH = YES;
				"CODE_SIGN_IDENTITY[sdk=iphoneos*]" = "iPhone Developer";
				COPY_PHASE_STRIP = NO;
				DEBUG_INFORMATION_FORMAT = dwarf;
				ENABLE_STRICT_OBJC_MSGSEND = YES;
				ENABLE_TESTABILITY = YES;
				GCC_C_LANGUAGE_STANDARD = gnu99;
				GCC_DYNAMIC_NO_PIC = NO;
				GCC_NO_COMMON_BLOCKS = YES;
				GCC_OPTIMIZATION_LEVEL = 0;
				GCC_PREPROCESSOR_DEFINITIONS = (
					"DEBUG=1",
					"$(inherited)",
				);
				GCC_WARN_64_TO_32_BIT_CONVERSION = YES;
				GCC_WARN_ABOUT_RETURN_TYPE = YES_ERROR;
				GCC_WARN_UNDECLARED_SELECTOR = YES;
				GCC_WARN_UNINITIALIZED_AUTOS = YES_AGGRESSIVE;
				GCC_WARN_UNUSED_FUNCTION = YES;
				GCC_WARN_UNUSED_VARIABLE = YES;
				IPHONEOS_DEPLOYMENT_TARGET = 10.0;
				MTL_ENABLE_DEBUG_INFO = YES;
				ONLY_ACTIVE_ARCH = YES;
				SDKROOT = iphoneos;
				SWIFT_ACTIVE_COMPILATION_CONDITIONS = DEBUG;
				SWIFT_OPTIMIZATION_LEVEL = "-Onone";
				TARGETED_DEVICE_FAMILY = "1,2";
			};
			name = Debug;
		};
		392001021DC0F0880083B942 /* Release */ = {
			isa = XCBuildConfiguration;
			buildSettings = {
				ALWAYS_SEARCH_USER_PATHS = NO;
				CLANG_ANALYZER_NONNULL = YES;
				CLANG_CXX_LANGUAGE_STANDARD = "gnu++0x";
				CLANG_CXX_LIBRARY = "libc++";
				CLANG_ENABLE_MODULES = YES;
				CLANG_ENABLE_OBJC_ARC = YES;
				CLANG_WARN_BOOL_CONVERSION = YES;
				CLANG_WARN_CONSTANT_CONVERSION = YES;
				CLANG_WARN_DIRECT_OBJC_ISA_USAGE = YES_ERROR;
				CLANG_WARN_DOCUMENTATION_COMMENTS = YES;
				CLANG_WARN_EMPTY_BODY = YES;
				CLANG_WARN_ENUM_CONVERSION = YES;
				CLANG_WARN_INFINITE_RECURSION = YES;
				CLANG_WARN_INT_CONVERSION = YES;
				CLANG_WARN_OBJC_ROOT_CLASS = YES_ERROR;
				CLANG_WARN_SUSPICIOUS_MOVES = YES;
				CLANG_WARN_UNREACHABLE_CODE = YES;
				CLANG_WARN__DUPLICATE_METHOD_MATCH = YES;
				"CODE_SIGN_IDENTITY[sdk=iphoneos*]" = "iPhone Developer";
				COPY_PHASE_STRIP = NO;
				DEBUG_INFORMATION_FORMAT = "dwarf-with-dsym";
				ENABLE_NS_ASSERTIONS = NO;
				ENABLE_STRICT_OBJC_MSGSEND = YES;
				GCC_C_LANGUAGE_STANDARD = gnu99;
				GCC_NO_COMMON_BLOCKS = YES;
				GCC_WARN_64_TO_32_BIT_CONVERSION = YES;
				GCC_WARN_ABOUT_RETURN_TYPE = YES_ERROR;
				GCC_WARN_UNDECLARED_SELECTOR = YES;
				GCC_WARN_UNINITIALIZED_AUTOS = YES_AGGRESSIVE;
				GCC_WARN_UNUSED_FUNCTION = YES;
				GCC_WARN_UNUSED_VARIABLE = YES;
				IPHONEOS_DEPLOYMENT_TARGET = 10.0;
				MTL_ENABLE_DEBUG_INFO = NO;
				SDKROOT = iphoneos;
				SWIFT_OPTIMIZATION_LEVEL = "-Owholemodule";
				TARGETED_DEVICE_FAMILY = "1,2";
				VALIDATE_PRODUCT = YES;
			};
			name = Release;
		};
		392001041DC0F0880083B942 /* Debug */ = {
			isa = XCBuildConfiguration;
			buildSettings = {
				ASSETCATALOG_COMPILER_APPICON_NAME = AppIcon;
				FRAMEWORK_SEARCH_PATHS = (
					"$(inherited)",
					"$(PROJECT_DIR)/Carthage/Build/iOS",
				);
				INFOPLIST_FILE = Questionnaire/Info.plist;
				LD_RUNPATH_SEARCH_PATHS = "$(inherited) @executable_path/Frameworks";
				PRODUCT_BUNDLE_IDENTIFIER = com.brunoaybar.Questionnaire;
				PRODUCT_NAME = "$(TARGET_NAME)";
				SWIFT_VERSION = 3.0;
			};
			name = Debug;
		};
		392001051DC0F0880083B942 /* Release */ = {
			isa = XCBuildConfiguration;
			buildSettings = {
				ASSETCATALOG_COMPILER_APPICON_NAME = AppIcon;
				FRAMEWORK_SEARCH_PATHS = (
					"$(inherited)",
					"$(PROJECT_DIR)/Carthage/Build/iOS",
				);
				INFOPLIST_FILE = Questionnaire/Info.plist;
				LD_RUNPATH_SEARCH_PATHS = "$(inherited) @executable_path/Frameworks";
				PRODUCT_BUNDLE_IDENTIFIER = com.brunoaybar.Questionnaire;
				PRODUCT_NAME = "$(TARGET_NAME)";
				SWIFT_VERSION = 3.0;
			};
			name = Release;
		};
/* End XCBuildConfiguration section */

/* Begin XCConfigurationList section */
		392000EA1DC0F0880083B942 /* Build configuration list for PBXProject "Questionnaire" */ = {
			isa = XCConfigurationList;
			buildConfigurations = (
				392001011DC0F0880083B942 /* Debug */,
				392001021DC0F0880083B942 /* Release */,
			);
			defaultConfigurationIsVisible = 0;
			defaultConfigurationName = Release;
		};
		392001031DC0F0880083B942 /* Build configuration list for PBXNativeTarget "Questionnaire" */ = {
			isa = XCConfigurationList;
			buildConfigurations = (
				392001041DC0F0880083B942 /* Debug */,
				392001051DC0F0880083B942 /* Release */,
			);
			defaultConfigurationIsVisible = 0;
			defaultConfigurationName = Release;
		};
/* End XCConfigurationList section */

/* Begin XCVersionGroup section */
		39459B461DD0C39000D967A2 /* Questionnaire.xcdatamodeld */ = {
			isa = XCVersionGroup;
			children = (
				39459B471DD0C39000D967A2 /* Questionnaire.xcdatamodel */,
			);
			currentVersion = 39459B471DD0C39000D967A2 /* Questionnaire.xcdatamodel */;
			name = Questionnaire.xcdatamodeld;
			path = Data/Source/Questionnaire.xcdatamodeld;
			sourceTree = "<group>";
			versionGroupType = wrapper.xcdatamodel;
		};
/* End XCVersionGroup section */
	};
	rootObject = 392000E71DC0F0880083B942 /* Project object */;
}
