// !$*UTF8*$!
{
	archiveVersion = 1;
	classes = {
	};
	objectVersion = 46;
	objects = {

/* Begin PBXBuildFile section */
		392000F31DC0F0880083B942 /* AppDelegate.swift in Sources */ = {isa = PBXBuildFile; fileRef = 392000F21DC0F0880083B942 /* AppDelegate.swift */; };
		392000F51DC0F0880083B942 /* FirstViewController.swift in Sources */ = {isa = PBXBuildFile; fileRef = 392000F41DC0F0880083B942 /* FirstViewController.swift */; };
		392000FA1DC0F0880083B942 /* Main.storyboard in Resources */ = {isa = PBXBuildFile; fileRef = 392000F81DC0F0880083B942 /* Main.storyboard */; };
		392000FC1DC0F0880083B942 /* Assets.xcassets in Resources */ = {isa = PBXBuildFile; fileRef = 392000FB1DC0F0880083B942 /* Assets.xcassets */; };
		392000FF1DC0F0880083B942 /* LaunchScreen.storyboard in Resources */ = {isa = PBXBuildFile; fileRef = 392000FD1DC0F0880083B942 /* LaunchScreen.storyboard */; };
		3920010A1DC100FE0083B942 /* QuestionnaireViewController.swift in Sources */ = {isa = PBXBuildFile; fileRef = 392001091DC100FE0083B942 /* QuestionnaireViewController.swift */; };
		3920010C1DC101160083B942 /* QuestionnaireViewModel.swift in Sources */ = {isa = PBXBuildFile; fileRef = 3920010B1DC101160083B942 /* QuestionnaireViewModel.swift */; };
		392001121DC104F30083B942 /* TextTableViewCell.swift in Sources */ = {isa = PBXBuildFile; fileRef = 392001101DC104F30083B942 /* TextTableViewCell.swift */; };
		392001161DC105850083B942 /* NumericTableViewCell.swift in Sources */ = {isa = PBXBuildFile; fileRef = 392001141DC105850083B942 /* NumericTableViewCell.swift */; };
		39405FEC1DCE8F020049A96D /* QuestionTypes.swift in Sources */ = {isa = PBXBuildFile; fileRef = 39405FEB1DCE8F020049A96D /* QuestionTypes.swift */; };
		39405FEF1DCEAB1C0049A96D /* NVActivityIndicatorView.framework in Frameworks */ = {isa = PBXBuildFile; fileRef = 39405FED1DCEAB110049A96D /* NVActivityIndicatorView.framework */; };
		39405FF01DCEAB1C0049A96D /* NVActivityIndicatorView.framework in CopyFiles */ = {isa = PBXBuildFile; fileRef = 39405FED1DCEAB110049A96D /* NVActivityIndicatorView.framework */; settings = {ATTRIBUTES = (CodeSignOnCopy, RemoveHeadersOnCopy, ); }; };
		39405FF31DCEAEA90049A96D /* HexaColor.swift in Sources */ = {isa = PBXBuildFile; fileRef = 39405FF21DCEAEA90049A96D /* HexaColor.swift */; };
		39405FF51DCEAEF30049A96D /* Utils.swift in Sources */ = {isa = PBXBuildFile; fileRef = 39405FF41DCEAEF30049A96D /* Utils.swift */; };
		39405FFC1DCF36620049A96D /* DisplayableQuestionnaireState.swift in Sources */ = {isa = PBXBuildFile; fileRef = 39405FFB1DCF36620049A96D /* DisplayableQuestionnaireState.swift */; };
		39405FFE1DCF54780049A96D /* SelectionTableViewCell.swift in Sources */ = {isa = PBXBuildFile; fileRef = 39405FFD1DCF54780049A96D /* SelectionTableViewCell.swift */; };
		39459B3D1DD09B0400D967A2 /* Answer.swift in Sources */ = {isa = PBXBuildFile; fileRef = 39459B3C1DD09B0400D967A2 /* Answer.swift */; };
		39459B3F1DD09C5900D967A2 /* Choice.swift in Sources */ = {isa = PBXBuildFile; fileRef = 39459B3E1DD09C5900D967A2 /* Choice.swift */; };
		39459B411DD0A7C800D967A2 /* ChoiceCell.swift in Sources */ = {isa = PBXBuildFile; fileRef = 39459B401DD0A7C800D967A2 /* ChoiceCell.swift */; };
		39459B441DD0BD6E00D967A2 /* ToastSwiftFramework.framework in Frameworks */ = {isa = PBXBuildFile; fileRef = 39459B421DD0BD4000D967A2 /* ToastSwiftFramework.framework */; };
		39459B451DD0BD6E00D967A2 /* ToastSwiftFramework.framework in CopyFiles */ = {isa = PBXBuildFile; fileRef = 39459B421DD0BD4000D967A2 /* ToastSwiftFramework.framework */; settings = {ATTRIBUTES = (CodeSignOnCopy, RemoveHeadersOnCopy, ); }; };
		39459B481DD0C39000D967A2 /* Questionnaire.xcdatamodeld in Sources */ = {isa = PBXBuildFile; fileRef = 39459B461DD0C39000D967A2 /* Questionnaire.xcdatamodeld */; };
		39459B501DD0DD8000D967A2 /* QuestionsViewController.swift in Sources */ = {isa = PBXBuildFile; fileRef = 39459B4F1DD0DD8000D967A2 /* QuestionsViewController.swift */; };
		39459B521DD0DD9400D967A2 /* QuestionsViewModel.swift in Sources */ = {isa = PBXBuildFile; fileRef = 39459B511DD0DD9400D967A2 /* QuestionsViewModel.swift */; };
		39459B561DD1347500D967A2 /* Charts.framework in Frameworks */ = {isa = PBXBuildFile; fileRef = 39459B541DD1347000D967A2 /* Charts.framework */; };
		39459B571DD1347500D967A2 /* Charts.framework in CopyFiles */ = {isa = PBXBuildFile; fileRef = 39459B541DD1347000D967A2 /* Charts.framework */; settings = {ATTRIBUTES = (CodeSignOnCopy, RemoveHeadersOnCopy, ); }; };
		39459B5A1DD24E1300D967A2 /* StatisticNumericViewController.swift in Sources */ = {isa = PBXBuildFile; fileRef = 39459B591DD24E1300D967A2 /* StatisticNumericViewController.swift */; };
		39459B5C1DD24E7000D967A2 /* BaseStatisticViewController.swift in Sources */ = {isa = PBXBuildFile; fileRef = 39459B5B1DD24E7000D967A2 /* BaseStatisticViewController.swift */; };
		39459B5E1DD2504000D967A2 /* StatisticNumericPageViewController.swift in Sources */ = {isa = PBXBuildFile; fileRef = 39459B5D1DD2504000D967A2 /* StatisticNumericPageViewController.swift */; };
		39459B601DD2508A00D967A2 /* NumericGraphViewController.swift in Sources */ = {isa = PBXBuildFile; fileRef = 39459B5F1DD2508A00D967A2 /* NumericGraphViewController.swift */; };
		39459B621DD250A200D967A2 /* NumericStatsViewController.swift in Sources */ = {isa = PBXBuildFile; fileRef = 39459B611DD250A200D967A2 /* NumericStatsViewController.swift */; };
		39459B641DD2A39F00D967A2 /* StatisticNumericViewModel.swift in Sources */ = {isa = PBXBuildFile; fileRef = 39459B631DD2A39F00D967A2 /* StatisticNumericViewModel.swift */; };
		395AA4581DD53D5500631CF2 /* InjectionA.swift in Sources */ = {isa = PBXBuildFile; fileRef = 395AA4561DD53D5400631CF2 /* InjectionA.swift */; };
		395AA45C1DD53D6400631CF2 /* Questionnaire.xcdatamodeld in Sources */ = {isa = PBXBuildFile; fileRef = 39459B461DD0C39000D967A2 /* Questionnaire.xcdatamodeld */; };
		395AA45D1DD53D6400631CF2 /* QuestionTypes.swift in Sources */ = {isa = PBXBuildFile; fileRef = 39405FEB1DCE8F020049A96D /* QuestionTypes.swift */; };
		395AA45E1DD53D6400631CF2 /* NumericGraphViewController.swift in Sources */ = {isa = PBXBuildFile; fileRef = 39459B5F1DD2508A00D967A2 /* NumericGraphViewController.swift */; };
		395AA45F1DD53D6400631CF2 /* Choice.swift in Sources */ = {isa = PBXBuildFile; fileRef = 39459B3E1DD09C5900D967A2 /* Choice.swift */; };
		395AA4601DD53D6400631CF2 /* QuestionnaireService.swift in Sources */ = {isa = PBXBuildFile; fileRef = 39F7F4B11DD3DEC700709D6C /* QuestionnaireService.swift */; };
		395AA4611DD53D6400631CF2 /* BaseStatisticViewController.swift in Sources */ = {isa = PBXBuildFile; fileRef = 39459B5B1DD24E7000D967A2 /* BaseStatisticViewController.swift */; };
		395AA4621DD53D6400631CF2 /* InjectionB.swift in Sources */ = {isa = PBXBuildFile; fileRef = 395AA4571DD53D5400631CF2 /* InjectionB.swift */; };
		395AA4631DD53D6400631CF2 /* QuestionsViewController.swift in Sources */ = {isa = PBXBuildFile; fileRef = 39459B4F1DD0DD8000D967A2 /* QuestionsViewController.swift */; };
		395AA4641DD53D6400631CF2 /* StatisticSingleViewModel.swift in Sources */ = {isa = PBXBuildFile; fileRef = 39F7F4A81DD3D9DA00709D6C /* StatisticSingleViewModel.swift */; };
		395AA4651DD53D6400631CF2 /* SelectionTableViewCell.swift in Sources */ = {isa = PBXBuildFile; fileRef = 39405FFD1DCF54780049A96D /* SelectionTableViewCell.swift */; };
		395AA4661DD53D6400631CF2 /* Answer.swift in Sources */ = {isa = PBXBuildFile; fileRef = 39459B3C1DD09B0400D967A2 /* Answer.swift */; };
		395AA4671DD53D6400631CF2 /* TextTableViewCell.swift in Sources */ = {isa = PBXBuildFile; fileRef = 392001101DC104F30083B942 /* TextTableViewCell.swift */; };
		395AA4691DD53D6400631CF2 /* TextAnswerTableViewCell.swift in Sources */ = {isa = PBXBuildFile; fileRef = 39F7F4A31DD3CDD200709D6C /* TextAnswerTableViewCell.swift */; };
		395AA46A1DD53D6400631CF2 /* QuestionnaireRepository.swift in Sources */ = {isa = PBXBuildFile; fileRef = 39F7F4B01DD3DEC700709D6C /* QuestionnaireRepository.swift */; };
		395AA46B1DD53D6400631CF2 /* AppDelegate.swift in Sources */ = {isa = PBXBuildFile; fileRef = 392000F21DC0F0880083B942 /* AppDelegate.swift */; };
		395AA46C1DD53D6400631CF2 /* Question.swift in Sources */ = {isa = PBXBuildFile; fileRef = 39EE5BB41DCE77E400A82D80 /* Question.swift */; };
		395AA46D1DD53D6400631CF2 /* StatisticMultipleViewModel.swift in Sources */ = {isa = PBXBuildFile; fileRef = 39F7F4C21DD4E58000709D6C /* StatisticMultipleViewModel.swift */; };
		395AA46E1DD53D6400631CF2 /* AnswerSimulatedRepo.swift in Sources */ = {isa = PBXBuildFile; fileRef = 39F7F4B91DD3DED300709D6C /* AnswerSimulatedRepo.swift */; };
		395AA46F1DD53D6400631CF2 /* Questionnaire.swift in Sources */ = {isa = PBXBuildFile; fileRef = 39EE5BC01DCE7C0700A82D80 /* Questionnaire.swift */; };
		395AA4701DD53D6400631CF2 /* StatisticsMultipleViewController.swift in Sources */ = {isa = PBXBuildFile; fileRef = 39F7F4C01DD4E55E00709D6C /* StatisticsMultipleViewController.swift */; };
		395AA4711DD53D6400631CF2 /* StatisticNumericPageViewController.swift in Sources */ = {isa = PBXBuildFile; fileRef = 39459B5D1DD2504000D967A2 /* StatisticNumericPageViewController.swift */; };
		395AA4721DD53D6400631CF2 /* SingleAnswerTableViewCell.swift in Sources */ = {isa = PBXBuildFile; fileRef = 39F7F4AA1DD3DA9700709D6C /* SingleAnswerTableViewCell.swift */; };
		395AA4731DD53D6400631CF2 /* QuestionnaireFileSource.swift in Sources */ = {isa = PBXBuildFile; fileRef = 39F7F4AE1DD3DEC700709D6C /* QuestionnaireFileSource.swift */; };
		395AA4741DD53D6400631CF2 /* StatisticNumericViewController.swift in Sources */ = {isa = PBXBuildFile; fileRef = 39459B591DD24E1300D967A2 /* StatisticNumericViewController.swift */; };
		395AA4751DD53D6400631CF2 /* NumericTableViewCell.swift in Sources */ = {isa = PBXBuildFile; fileRef = 392001141DC105850083B942 /* NumericTableViewCell.swift */; };
		395AA4761DD53D6400631CF2 /* Utils.swift in Sources */ = {isa = PBXBuildFile; fileRef = 39405FF41DCEAEF30049A96D /* Utils.swift */; };
		395AA4771DD53D6400631CF2 /* QuestionnaireViewController.swift in Sources */ = {isa = PBXBuildFile; fileRef = 392001091DC100FE0083B942 /* QuestionnaireViewController.swift */; };
		395AA4781DD53D6400631CF2 /* QuestionnaireRepo.swift in Sources */ = {isa = PBXBuildFile; fileRef = 39F7F4AF1DD3DEC700709D6C /* QuestionnaireRepo.swift */; };
		395AA4791DD53D6400631CF2 /* FirstViewController.swift in Sources */ = {isa = PBXBuildFile; fileRef = 392000F41DC0F0880083B942 /* FirstViewController.swift */; };
		395AA47A1DD53D6400631CF2 /* AnswerRepository.swift in Sources */ = {isa = PBXBuildFile; fileRef = 39F7F4B81DD3DED300709D6C /* AnswerRepository.swift */; };
		395AA47B1DD53D6400631CF2 /* QuestionsViewModel.swift in Sources */ = {isa = PBXBuildFile; fileRef = 39459B511DD0DD9400D967A2 /* QuestionsViewModel.swift */; };
		395AA47C1DD53D6400631CF2 /* NumericAnswerTableViewCell.swift in Sources */ = {isa = PBXBuildFile; fileRef = 3980D2DF1DD36C6000DC6F89 /* NumericAnswerTableViewCell.swift */; };
		395AA47D1DD53D6400631CF2 /* NumericStatsViewController.swift in Sources */ = {isa = PBXBuildFile; fileRef = 39459B611DD250A200D967A2 /* NumericStatsViewController.swift */; };
		395AA47E1DD53D6400631CF2 /* QuestionTableViewCell.swift in Sources */ = {isa = PBXBuildFile; fileRef = 39F7F4C41DD4F45800709D6C /* QuestionTableViewCell.swift */; };
		395AA47F1DD53D6400631CF2 /* StatisticTextViewController.swift in Sources */ = {isa = PBXBuildFile; fileRef = 39F7F49F1DD3CC0600709D6C /* StatisticTextViewController.swift */; };
		395AA4801DD53D6400631CF2 /* AnswerRepo.swift in Sources */ = {isa = PBXBuildFile; fileRef = 39F7F4B71DD3DED300709D6C /* AnswerRepo.swift */; };
		395AA4811DD53D6400631CF2 /* QuestionnaireViewModel.swift in Sources */ = {isa = PBXBuildFile; fileRef = 3920010B1DC101160083B942 /* QuestionnaireViewModel.swift */; };
		395AA4821DD53D6400631CF2 /* StatisticNumericViewModel.swift in Sources */ = {isa = PBXBuildFile; fileRef = 39459B631DD2A39F00D967A2 /* StatisticNumericViewModel.swift */; };
		395AA4831DD53D6400631CF2 /* DisplayableQuestionnaireState.swift in Sources */ = {isa = PBXBuildFile; fileRef = 39405FFB1DCF36620049A96D /* DisplayableQuestionnaireState.swift */; };
		395AA4841DD53D6400631CF2 /* HexaColor.swift in Sources */ = {isa = PBXBuildFile; fileRef = 39405FF21DCEAEA90049A96D /* HexaColor.swift */; };
		395AA4851DD53D6400631CF2 /* AnswerCoreData.swift in Sources */ = {isa = PBXBuildFile; fileRef = 39F7F4B61DD3DED300709D6C /* AnswerCoreData.swift */; };
		395AA4861DD53D6400631CF2 /* ChoiceCell.swift in Sources */ = {isa = PBXBuildFile; fileRef = 39459B401DD0A7C800D967A2 /* ChoiceCell.swift */; };
		395AA4871DD53D6400631CF2 /* StatisticTextViewModel.swift in Sources */ = {isa = PBXBuildFile; fileRef = 39F7F4A11DD3CC2B00709D6C /* StatisticTextViewModel.swift */; };
		395AA4881DD53D6400631CF2 /* StatisticSingleViewController.swift in Sources */ = {isa = PBXBuildFile; fileRef = 39F7F4A61DD3D9B100709D6C /* StatisticSingleViewController.swift */; };
		395AA48A1DD53D6400631CF2 /* Alamofire.framework in Frameworks */ = {isa = PBXBuildFile; fileRef = 39EE5B9B1DCE34B400A82D80 /* Alamofire.framework */; };
		395AA48B1DD53D6400631CF2 /* NVActivityIndicatorView.framework in Frameworks */ = {isa = PBXBuildFile; fileRef = 39405FED1DCEAB110049A96D /* NVActivityIndicatorView.framework */; };
		395AA48C1DD53D6400631CF2 /* RxBlocking.framework in Frameworks */ = {isa = PBXBuildFile; fileRef = 39EE5B9C1DCE34B400A82D80 /* RxBlocking.framework */; };
		395AA48D1DD53D6400631CF2 /* RxCocoa.framework in Frameworks */ = {isa = PBXBuildFile; fileRef = 39EE5B9D1DCE34B400A82D80 /* RxCocoa.framework */; };
		395AA48E1DD53D6400631CF2 /* ToastSwiftFramework.framework in Frameworks */ = {isa = PBXBuildFile; fileRef = 39459B421DD0BD4000D967A2 /* ToastSwiftFramework.framework */; };
		395AA48F1DD53D6400631CF2 /* RxSwift.framework in Frameworks */ = {isa = PBXBuildFile; fileRef = 39EE5B9E1DCE34B400A82D80 /* RxSwift.framework */; };
		395AA4901DD53D6400631CF2 /* SwiftyJSON.framework in Frameworks */ = {isa = PBXBuildFile; fileRef = 39EE5BA01DCE34B400A82D80 /* SwiftyJSON.framework */; };
		395AA4931DD53D6400631CF2 /* Charts.framework in Frameworks */ = {isa = PBXBuildFile; fileRef = 39459B541DD1347000D967A2 /* Charts.framework */; };
		395AA4961DD53D6400631CF2 /* LaunchScreen.storyboard in Resources */ = {isa = PBXBuildFile; fileRef = 392000FD1DC0F0880083B942 /* LaunchScreen.storyboard */; };
		395AA4971DD53D6400631CF2 /* Assets.xcassets in Resources */ = {isa = PBXBuildFile; fileRef = 392000FB1DC0F0880083B942 /* Assets.xcassets */; };
		395AA4981DD53D6400631CF2 /* Main.storyboard in Resources */ = {isa = PBXBuildFile; fileRef = 392000F81DC0F0880083B942 /* Main.storyboard */; };
		395AA49B1DD53D6400631CF2 /* Alamofire.framework in CopyFiles */ = {isa = PBXBuildFile; fileRef = 39EE5B9B1DCE34B400A82D80 /* Alamofire.framework */; settings = {ATTRIBUTES = (CodeSignOnCopy, RemoveHeadersOnCopy, ); }; };
		395AA49C1DD53D6400631CF2 /* Charts.framework in CopyFiles */ = {isa = PBXBuildFile; fileRef = 39459B541DD1347000D967A2 /* Charts.framework */; settings = {ATTRIBUTES = (CodeSignOnCopy, RemoveHeadersOnCopy, ); }; };
		395AA49D1DD53D6400631CF2 /* ToastSwiftFramework.framework in CopyFiles */ = {isa = PBXBuildFile; fileRef = 39459B421DD0BD4000D967A2 /* ToastSwiftFramework.framework */; settings = {ATTRIBUTES = (CodeSignOnCopy, RemoveHeadersOnCopy, ); }; };
		395AA49E1DD53D6400631CF2 /* RxBlocking.framework in CopyFiles */ = {isa = PBXBuildFile; fileRef = 39EE5B9C1DCE34B400A82D80 /* RxBlocking.framework */; settings = {ATTRIBUTES = (CodeSignOnCopy, RemoveHeadersOnCopy, ); }; };
		395AA49F1DD53D6400631CF2 /* NVActivityIndicatorView.framework in CopyFiles */ = {isa = PBXBuildFile; fileRef = 39405FED1DCEAB110049A96D /* NVActivityIndicatorView.framework */; settings = {ATTRIBUTES = (CodeSignOnCopy, RemoveHeadersOnCopy, ); }; };
		395AA4A01DD53D6400631CF2 /* RxCocoa.framework in CopyFiles */ = {isa = PBXBuildFile; fileRef = 39EE5B9D1DCE34B400A82D80 /* RxCocoa.framework */; settings = {ATTRIBUTES = (CodeSignOnCopy, RemoveHeadersOnCopy, ); }; };
		395AA4A11DD53D6400631CF2 /* RxSwift.framework in CopyFiles */ = {isa = PBXBuildFile; fileRef = 39EE5B9E1DCE34B400A82D80 /* RxSwift.framework */; settings = {ATTRIBUTES = (CodeSignOnCopy, RemoveHeadersOnCopy, ); }; };
		395AA4A21DD53D6400631CF2 /* SwiftyJSON.framework in CopyFiles */ = {isa = PBXBuildFile; fileRef = 39EE5BA01DCE34B400A82D80 /* SwiftyJSON.framework */; settings = {ATTRIBUTES = (CodeSignOnCopy, RemoveHeadersOnCopy, ); }; };
		395AA4AD1DD53DBF00631CF2 /* questionnaireA.json in Resources */ = {isa = PBXBuildFile; fileRef = 395AA4AB1DD53DBF00631CF2 /* questionnaireA.json */; };
		395AA4AE1DD53DBF00631CF2 /* questionnaireB.json in Resources */ = {isa = PBXBuildFile; fileRef = 395AA4AC1DD53DBF00631CF2 /* questionnaireB.json */; };
		395AA4AF1DD53DC300631CF2 /* questionnaireB.json in Resources */ = {isa = PBXBuildFile; fileRef = 395AA4AC1DD53DBF00631CF2 /* questionnaireB.json */; };
		395AA4B01DD53DC500631CF2 /* questionnaireA.json in Resources */ = {isa = PBXBuildFile; fileRef = 395AA4AB1DD53DBF00631CF2 /* questionnaireA.json */; };
		395AA4B51DD53F6400631CF2 /* Questionnaire.xcdatamodeld in Sources */ = {isa = PBXBuildFile; fileRef = 39459B461DD0C39000D967A2 /* Questionnaire.xcdatamodeld */; };
		395AA4B61DD53F6400631CF2 /* QuestionTypes.swift in Sources */ = {isa = PBXBuildFile; fileRef = 39405FEB1DCE8F020049A96D /* QuestionTypes.swift */; };
		395AA4B71DD53F6400631CF2 /* NumericGraphViewController.swift in Sources */ = {isa = PBXBuildFile; fileRef = 39459B5F1DD2508A00D967A2 /* NumericGraphViewController.swift */; };
		395AA4B81DD53F6400631CF2 /* Choice.swift in Sources */ = {isa = PBXBuildFile; fileRef = 39459B3E1DD09C5900D967A2 /* Choice.swift */; };
		395AA4B91DD53F6400631CF2 /* QuestionnaireService.swift in Sources */ = {isa = PBXBuildFile; fileRef = 39F7F4B11DD3DEC700709D6C /* QuestionnaireService.swift */; };
		395AA4BA1DD53F6400631CF2 /* BaseStatisticViewController.swift in Sources */ = {isa = PBXBuildFile; fileRef = 39459B5B1DD24E7000D967A2 /* BaseStatisticViewController.swift */; };
		395AA4BC1DD53F6400631CF2 /* QuestionsViewController.swift in Sources */ = {isa = PBXBuildFile; fileRef = 39459B4F1DD0DD8000D967A2 /* QuestionsViewController.swift */; };
		395AA4BD1DD53F6400631CF2 /* StatisticSingleViewModel.swift in Sources */ = {isa = PBXBuildFile; fileRef = 39F7F4A81DD3D9DA00709D6C /* StatisticSingleViewModel.swift */; };
		395AA4BE1DD53F6400631CF2 /* SelectionTableViewCell.swift in Sources */ = {isa = PBXBuildFile; fileRef = 39405FFD1DCF54780049A96D /* SelectionTableViewCell.swift */; };
		395AA4BF1DD53F6400631CF2 /* Answer.swift in Sources */ = {isa = PBXBuildFile; fileRef = 39459B3C1DD09B0400D967A2 /* Answer.swift */; };
		395AA4C01DD53F6400631CF2 /* TextTableViewCell.swift in Sources */ = {isa = PBXBuildFile; fileRef = 392001101DC104F30083B942 /* TextTableViewCell.swift */; };
		395AA4C11DD53F6400631CF2 /* TextAnswerTableViewCell.swift in Sources */ = {isa = PBXBuildFile; fileRef = 39F7F4A31DD3CDD200709D6C /* TextAnswerTableViewCell.swift */; };
		395AA4C21DD53F6400631CF2 /* QuestionnaireRepository.swift in Sources */ = {isa = PBXBuildFile; fileRef = 39F7F4B01DD3DEC700709D6C /* QuestionnaireRepository.swift */; };
		395AA4C31DD53F6400631CF2 /* AppDelegate.swift in Sources */ = {isa = PBXBuildFile; fileRef = 392000F21DC0F0880083B942 /* AppDelegate.swift */; };
		395AA4C41DD53F6400631CF2 /* Question.swift in Sources */ = {isa = PBXBuildFile; fileRef = 39EE5BB41DCE77E400A82D80 /* Question.swift */; };
		395AA4C51DD53F6400631CF2 /* StatisticMultipleViewModel.swift in Sources */ = {isa = PBXBuildFile; fileRef = 39F7F4C21DD4E58000709D6C /* StatisticMultipleViewModel.swift */; };
		395AA4C61DD53F6400631CF2 /* AnswerSimulatedRepo.swift in Sources */ = {isa = PBXBuildFile; fileRef = 39F7F4B91DD3DED300709D6C /* AnswerSimulatedRepo.swift */; };
		395AA4C71DD53F6400631CF2 /* Questionnaire.swift in Sources */ = {isa = PBXBuildFile; fileRef = 39EE5BC01DCE7C0700A82D80 /* Questionnaire.swift */; };
		395AA4C81DD53F6400631CF2 /* StatisticsMultipleViewController.swift in Sources */ = {isa = PBXBuildFile; fileRef = 39F7F4C01DD4E55E00709D6C /* StatisticsMultipleViewController.swift */; };
		395AA4C91DD53F6400631CF2 /* StatisticNumericPageViewController.swift in Sources */ = {isa = PBXBuildFile; fileRef = 39459B5D1DD2504000D967A2 /* StatisticNumericPageViewController.swift */; };
		395AA4CA1DD53F6400631CF2 /* SingleAnswerTableViewCell.swift in Sources */ = {isa = PBXBuildFile; fileRef = 39F7F4AA1DD3DA9700709D6C /* SingleAnswerTableViewCell.swift */; };
		395AA4CB1DD53F6400631CF2 /* QuestionnaireFileSource.swift in Sources */ = {isa = PBXBuildFile; fileRef = 39F7F4AE1DD3DEC700709D6C /* QuestionnaireFileSource.swift */; };
		395AA4CC1DD53F6400631CF2 /* StatisticNumericViewController.swift in Sources */ = {isa = PBXBuildFile; fileRef = 39459B591DD24E1300D967A2 /* StatisticNumericViewController.swift */; };
		395AA4CD1DD53F6400631CF2 /* NumericTableViewCell.swift in Sources */ = {isa = PBXBuildFile; fileRef = 392001141DC105850083B942 /* NumericTableViewCell.swift */; };
		395AA4CE1DD53F6400631CF2 /* Utils.swift in Sources */ = {isa = PBXBuildFile; fileRef = 39405FF41DCEAEF30049A96D /* Utils.swift */; };
		395AA4CF1DD53F6400631CF2 /* QuestionnaireViewController.swift in Sources */ = {isa = PBXBuildFile; fileRef = 392001091DC100FE0083B942 /* QuestionnaireViewController.swift */; };
		395AA4D01DD53F6400631CF2 /* QuestionnaireRepo.swift in Sources */ = {isa = PBXBuildFile; fileRef = 39F7F4AF1DD3DEC700709D6C /* QuestionnaireRepo.swift */; };
		395AA4D11DD53F6400631CF2 /* FirstViewController.swift in Sources */ = {isa = PBXBuildFile; fileRef = 392000F41DC0F0880083B942 /* FirstViewController.swift */; };
		395AA4D21DD53F6400631CF2 /* AnswerRepository.swift in Sources */ = {isa = PBXBuildFile; fileRef = 39F7F4B81DD3DED300709D6C /* AnswerRepository.swift */; };
		395AA4D31DD53F6400631CF2 /* QuestionsViewModel.swift in Sources */ = {isa = PBXBuildFile; fileRef = 39459B511DD0DD9400D967A2 /* QuestionsViewModel.swift */; };
		395AA4D41DD53F6400631CF2 /* NumericAnswerTableViewCell.swift in Sources */ = {isa = PBXBuildFile; fileRef = 3980D2DF1DD36C6000DC6F89 /* NumericAnswerTableViewCell.swift */; };
		395AA4D51DD53F6400631CF2 /* NumericStatsViewController.swift in Sources */ = {isa = PBXBuildFile; fileRef = 39459B611DD250A200D967A2 /* NumericStatsViewController.swift */; };
		395AA4D61DD53F6400631CF2 /* QuestionTableViewCell.swift in Sources */ = {isa = PBXBuildFile; fileRef = 39F7F4C41DD4F45800709D6C /* QuestionTableViewCell.swift */; };
		395AA4D71DD53F6400631CF2 /* StatisticTextViewController.swift in Sources */ = {isa = PBXBuildFile; fileRef = 39F7F49F1DD3CC0600709D6C /* StatisticTextViewController.swift */; };
		395AA4D81DD53F6400631CF2 /* AnswerRepo.swift in Sources */ = {isa = PBXBuildFile; fileRef = 39F7F4B71DD3DED300709D6C /* AnswerRepo.swift */; };
		395AA4D91DD53F6400631CF2 /* QuestionnaireViewModel.swift in Sources */ = {isa = PBXBuildFile; fileRef = 3920010B1DC101160083B942 /* QuestionnaireViewModel.swift */; };
		395AA4DA1DD53F6400631CF2 /* StatisticNumericViewModel.swift in Sources */ = {isa = PBXBuildFile; fileRef = 39459B631DD2A39F00D967A2 /* StatisticNumericViewModel.swift */; };
		395AA4DB1DD53F6400631CF2 /* DisplayableQuestionnaireState.swift in Sources */ = {isa = PBXBuildFile; fileRef = 39405FFB1DCF36620049A96D /* DisplayableQuestionnaireState.swift */; };
		395AA4DC1DD53F6400631CF2 /* HexaColor.swift in Sources */ = {isa = PBXBuildFile; fileRef = 39405FF21DCEAEA90049A96D /* HexaColor.swift */; };
		395AA4DD1DD53F6400631CF2 /* AnswerCoreData.swift in Sources */ = {isa = PBXBuildFile; fileRef = 39F7F4B61DD3DED300709D6C /* AnswerCoreData.swift */; };
		395AA4DE1DD53F6400631CF2 /* ChoiceCell.swift in Sources */ = {isa = PBXBuildFile; fileRef = 39459B401DD0A7C800D967A2 /* ChoiceCell.swift */; };
		395AA4DF1DD53F6400631CF2 /* StatisticTextViewModel.swift in Sources */ = {isa = PBXBuildFile; fileRef = 39F7F4A11DD3CC2B00709D6C /* StatisticTextViewModel.swift */; };
		395AA4E01DD53F6400631CF2 /* StatisticSingleViewController.swift in Sources */ = {isa = PBXBuildFile; fileRef = 39F7F4A61DD3D9B100709D6C /* StatisticSingleViewController.swift */; };
		395AA4E21DD53F6400631CF2 /* Alamofire.framework in Frameworks */ = {isa = PBXBuildFile; fileRef = 39EE5B9B1DCE34B400A82D80 /* Alamofire.framework */; };
		395AA4E31DD53F6400631CF2 /* NVActivityIndicatorView.framework in Frameworks */ = {isa = PBXBuildFile; fileRef = 39405FED1DCEAB110049A96D /* NVActivityIndicatorView.framework */; };
		395AA4E41DD53F6400631CF2 /* RxBlocking.framework in Frameworks */ = {isa = PBXBuildFile; fileRef = 39EE5B9C1DCE34B400A82D80 /* RxBlocking.framework */; };
		395AA4E51DD53F6400631CF2 /* RxCocoa.framework in Frameworks */ = {isa = PBXBuildFile; fileRef = 39EE5B9D1DCE34B400A82D80 /* RxCocoa.framework */; };
		395AA4E61DD53F6400631CF2 /* ToastSwiftFramework.framework in Frameworks */ = {isa = PBXBuildFile; fileRef = 39459B421DD0BD4000D967A2 /* ToastSwiftFramework.framework */; };
		395AA4E71DD53F6400631CF2 /* RxSwift.framework in Frameworks */ = {isa = PBXBuildFile; fileRef = 39EE5B9E1DCE34B400A82D80 /* RxSwift.framework */; };
		395AA4E81DD53F6400631CF2 /* SwiftyJSON.framework in Frameworks */ = {isa = PBXBuildFile; fileRef = 39EE5BA01DCE34B400A82D80 /* SwiftyJSON.framework */; };
		395AA4EB1DD53F6400631CF2 /* Charts.framework in Frameworks */ = {isa = PBXBuildFile; fileRef = 39459B541DD1347000D967A2 /* Charts.framework */; };
		395AA4EE1DD53F6400631CF2 /* questionnaireB.json in Resources */ = {isa = PBXBuildFile; fileRef = 395AA4AC1DD53DBF00631CF2 /* questionnaireB.json */; };
		395AA4EF1DD53F6400631CF2 /* LaunchScreen.storyboard in Resources */ = {isa = PBXBuildFile; fileRef = 392000FD1DC0F0880083B942 /* LaunchScreen.storyboard */; };
		395AA4F01DD53F6400631CF2 /* Assets.xcassets in Resources */ = {isa = PBXBuildFile; fileRef = 392000FB1DC0F0880083B942 /* Assets.xcassets */; };
		395AA4F11DD53F6400631CF2 /* questionnaireA.json in Resources */ = {isa = PBXBuildFile; fileRef = 395AA4AB1DD53DBF00631CF2 /* questionnaireA.json */; };
		395AA4F21DD53F6400631CF2 /* Main.storyboard in Resources */ = {isa = PBXBuildFile; fileRef = 392000F81DC0F0880083B942 /* Main.storyboard */; };
		395AA4F41DD53F6400631CF2 /* Alamofire.framework in CopyFiles */ = {isa = PBXBuildFile; fileRef = 39EE5B9B1DCE34B400A82D80 /* Alamofire.framework */; settings = {ATTRIBUTES = (CodeSignOnCopy, RemoveHeadersOnCopy, ); }; };
		395AA4F51DD53F6400631CF2 /* Charts.framework in CopyFiles */ = {isa = PBXBuildFile; fileRef = 39459B541DD1347000D967A2 /* Charts.framework */; settings = {ATTRIBUTES = (CodeSignOnCopy, RemoveHeadersOnCopy, ); }; };
		395AA4F61DD53F6400631CF2 /* ToastSwiftFramework.framework in CopyFiles */ = {isa = PBXBuildFile; fileRef = 39459B421DD0BD4000D967A2 /* ToastSwiftFramework.framework */; settings = {ATTRIBUTES = (CodeSignOnCopy, RemoveHeadersOnCopy, ); }; };
		395AA4F71DD53F6400631CF2 /* RxBlocking.framework in CopyFiles */ = {isa = PBXBuildFile; fileRef = 39EE5B9C1DCE34B400A82D80 /* RxBlocking.framework */; settings = {ATTRIBUTES = (CodeSignOnCopy, RemoveHeadersOnCopy, ); }; };
		395AA4F81DD53F6400631CF2 /* NVActivityIndicatorView.framework in CopyFiles */ = {isa = PBXBuildFile; fileRef = 39405FED1DCEAB110049A96D /* NVActivityIndicatorView.framework */; settings = {ATTRIBUTES = (CodeSignOnCopy, RemoveHeadersOnCopy, ); }; };
		395AA4F91DD53F6400631CF2 /* RxCocoa.framework in CopyFiles */ = {isa = PBXBuildFile; fileRef = 39EE5B9D1DCE34B400A82D80 /* RxCocoa.framework */; settings = {ATTRIBUTES = (CodeSignOnCopy, RemoveHeadersOnCopy, ); }; };
		395AA4FA1DD53F6400631CF2 /* RxSwift.framework in CopyFiles */ = {isa = PBXBuildFile; fileRef = 39EE5B9E1DCE34B400A82D80 /* RxSwift.framework */; settings = {ATTRIBUTES = (CodeSignOnCopy, RemoveHeadersOnCopy, ); }; };
		395AA4FB1DD53F6400631CF2 /* SwiftyJSON.framework in CopyFiles */ = {isa = PBXBuildFile; fileRef = 39EE5BA01DCE34B400A82D80 /* SwiftyJSON.framework */; settings = {ATTRIBUTES = (CodeSignOnCopy, RemoveHeadersOnCopy, ); }; };
		395AA5021DD53F7700631CF2 /* InjectionC.swift in Sources */ = {isa = PBXBuildFile; fileRef = 395AA4B11DD53F5B00631CF2 /* InjectionC.swift */; };
		3980D2E01DD36C6000DC6F89 /* NumericAnswerTableViewCell.swift in Sources */ = {isa = PBXBuildFile; fileRef = 3980D2DF1DD36C6000DC6F89 /* NumericAnswerTableViewCell.swift */; };
		39EE5BA11DCE34B400A82D80 /* Alamofire.framework in Frameworks */ = {isa = PBXBuildFile; fileRef = 39EE5B9B1DCE34B400A82D80 /* Alamofire.framework */; };
		39EE5BA21DCE34B400A82D80 /* RxBlocking.framework in Frameworks */ = {isa = PBXBuildFile; fileRef = 39EE5B9C1DCE34B400A82D80 /* RxBlocking.framework */; };
		39EE5BA31DCE34B400A82D80 /* RxCocoa.framework in Frameworks */ = {isa = PBXBuildFile; fileRef = 39EE5B9D1DCE34B400A82D80 /* RxCocoa.framework */; };
		39EE5BA41DCE34B400A82D80 /* RxSwift.framework in Frameworks */ = {isa = PBXBuildFile; fileRef = 39EE5B9E1DCE34B400A82D80 /* RxSwift.framework */; };
		39EE5BA61DCE34B400A82D80 /* SwiftyJSON.framework in Frameworks */ = {isa = PBXBuildFile; fileRef = 39EE5BA01DCE34B400A82D80 /* SwiftyJSON.framework */; };
		39EE5BA81DCE34ED00A82D80 /* Alamofire.framework in CopyFiles */ = {isa = PBXBuildFile; fileRef = 39EE5B9B1DCE34B400A82D80 /* Alamofire.framework */; settings = {ATTRIBUTES = (CodeSignOnCopy, RemoveHeadersOnCopy, ); }; };
		39EE5BA91DCE34ED00A82D80 /* RxBlocking.framework in CopyFiles */ = {isa = PBXBuildFile; fileRef = 39EE5B9C1DCE34B400A82D80 /* RxBlocking.framework */; settings = {ATTRIBUTES = (CodeSignOnCopy, RemoveHeadersOnCopy, ); }; };
		39EE5BAA1DCE34ED00A82D80 /* RxCocoa.framework in CopyFiles */ = {isa = PBXBuildFile; fileRef = 39EE5B9D1DCE34B400A82D80 /* RxCocoa.framework */; settings = {ATTRIBUTES = (CodeSignOnCopy, RemoveHeadersOnCopy, ); }; };
		39EE5BAB1DCE34ED00A82D80 /* RxSwift.framework in CopyFiles */ = {isa = PBXBuildFile; fileRef = 39EE5B9E1DCE34B400A82D80 /* RxSwift.framework */; settings = {ATTRIBUTES = (CodeSignOnCopy, RemoveHeadersOnCopy, ); }; };
		39EE5BAD1DCE34ED00A82D80 /* SwiftyJSON.framework in CopyFiles */ = {isa = PBXBuildFile; fileRef = 39EE5BA01DCE34B400A82D80 /* SwiftyJSON.framework */; settings = {ATTRIBUTES = (CodeSignOnCopy, RemoveHeadersOnCopy, ); }; };
		39EE5BB51DCE77E400A82D80 /* Question.swift in Sources */ = {isa = PBXBuildFile; fileRef = 39EE5BB41DCE77E400A82D80 /* Question.swift */; };
		39EE5BC11DCE7C0700A82D80 /* Questionnaire.swift in Sources */ = {isa = PBXBuildFile; fileRef = 39EE5BC01DCE7C0700A82D80 /* Questionnaire.swift */; };
		39F7F4A01DD3CC0600709D6C /* StatisticTextViewController.swift in Sources */ = {isa = PBXBuildFile; fileRef = 39F7F49F1DD3CC0600709D6C /* StatisticTextViewController.swift */; };
		39F7F4A21DD3CC2B00709D6C /* StatisticTextViewModel.swift in Sources */ = {isa = PBXBuildFile; fileRef = 39F7F4A11DD3CC2B00709D6C /* StatisticTextViewModel.swift */; };
		39F7F4A41DD3CDD200709D6C /* TextAnswerTableViewCell.swift in Sources */ = {isa = PBXBuildFile; fileRef = 39F7F4A31DD3CDD200709D6C /* TextAnswerTableViewCell.swift */; };
		39F7F4A71DD3D9B100709D6C /* StatisticSingleViewController.swift in Sources */ = {isa = PBXBuildFile; fileRef = 39F7F4A61DD3D9B100709D6C /* StatisticSingleViewController.swift */; };
		39F7F4A91DD3D9DA00709D6C /* StatisticSingleViewModel.swift in Sources */ = {isa = PBXBuildFile; fileRef = 39F7F4A81DD3D9DA00709D6C /* StatisticSingleViewModel.swift */; };
		39F7F4AB1DD3DA9700709D6C /* SingleAnswerTableViewCell.swift in Sources */ = {isa = PBXBuildFile; fileRef = 39F7F4AA1DD3DA9700709D6C /* SingleAnswerTableViewCell.swift */; };
		39F7F4B21DD3DEC700709D6C /* QuestionnaireFileSource.swift in Sources */ = {isa = PBXBuildFile; fileRef = 39F7F4AE1DD3DEC700709D6C /* QuestionnaireFileSource.swift */; };
		39F7F4B31DD3DEC700709D6C /* QuestionnaireRepo.swift in Sources */ = {isa = PBXBuildFile; fileRef = 39F7F4AF1DD3DEC700709D6C /* QuestionnaireRepo.swift */; };
		39F7F4B41DD3DEC700709D6C /* QuestionnaireRepository.swift in Sources */ = {isa = PBXBuildFile; fileRef = 39F7F4B01DD3DEC700709D6C /* QuestionnaireRepository.swift */; };
		39F7F4B51DD3DEC700709D6C /* QuestionnaireService.swift in Sources */ = {isa = PBXBuildFile; fileRef = 39F7F4B11DD3DEC700709D6C /* QuestionnaireService.swift */; };
		39F7F4BA1DD3DED300709D6C /* AnswerCoreData.swift in Sources */ = {isa = PBXBuildFile; fileRef = 39F7F4B61DD3DED300709D6C /* AnswerCoreData.swift */; };
		39F7F4BB1DD3DED300709D6C /* AnswerRepo.swift in Sources */ = {isa = PBXBuildFile; fileRef = 39F7F4B71DD3DED300709D6C /* AnswerRepo.swift */; };
		39F7F4BC1DD3DED300709D6C /* AnswerRepository.swift in Sources */ = {isa = PBXBuildFile; fileRef = 39F7F4B81DD3DED300709D6C /* AnswerRepository.swift */; };
		39F7F4BD1DD3DED300709D6C /* AnswerSimulatedRepo.swift in Sources */ = {isa = PBXBuildFile; fileRef = 39F7F4B91DD3DED300709D6C /* AnswerSimulatedRepo.swift */; };
		39F7F4C11DD4E55E00709D6C /* StatisticsMultipleViewController.swift in Sources */ = {isa = PBXBuildFile; fileRef = 39F7F4C01DD4E55E00709D6C /* StatisticsMultipleViewController.swift */; };
		39F7F4C31DD4E58000709D6C /* StatisticMultipleViewModel.swift in Sources */ = {isa = PBXBuildFile; fileRef = 39F7F4C21DD4E58000709D6C /* StatisticMultipleViewModel.swift */; };
		39F7F4C51DD4F45800709D6C /* QuestionTableViewCell.swift in Sources */ = {isa = PBXBuildFile; fileRef = 39F7F4C41DD4F45800709D6C /* QuestionTableViewCell.swift */; };
/* End PBXBuildFile section */

/* Begin PBXCopyFilesBuildPhase section */
		395AA49A1DD53D6400631CF2 /* CopyFiles */ = {
			isa = PBXCopyFilesBuildPhase;
			buildActionMask = 2147483647;
			dstPath = "";
			dstSubfolderSpec = 10;
			files = (
				395AA49B1DD53D6400631CF2 /* Alamofire.framework in CopyFiles */,
				395AA49C1DD53D6400631CF2 /* Charts.framework in CopyFiles */,
				395AA49D1DD53D6400631CF2 /* ToastSwiftFramework.framework in CopyFiles */,
				395AA49E1DD53D6400631CF2 /* RxBlocking.framework in CopyFiles */,
				395AA49F1DD53D6400631CF2 /* NVActivityIndicatorView.framework in CopyFiles */,
				395AA4A01DD53D6400631CF2 /* RxCocoa.framework in CopyFiles */,
				395AA4A11DD53D6400631CF2 /* RxSwift.framework in CopyFiles */,
				395AA4A21DD53D6400631CF2 /* SwiftyJSON.framework in CopyFiles */,
			);
			runOnlyForDeploymentPostprocessing = 0;
		};
		395AA4F31DD53F6400631CF2 /* CopyFiles */ = {
			isa = PBXCopyFilesBuildPhase;
			buildActionMask = 2147483647;
			dstPath = "";
			dstSubfolderSpec = 10;
			files = (
				395AA4F41DD53F6400631CF2 /* Alamofire.framework in CopyFiles */,
				395AA4F51DD53F6400631CF2 /* Charts.framework in CopyFiles */,
				395AA4F61DD53F6400631CF2 /* ToastSwiftFramework.framework in CopyFiles */,
				395AA4F71DD53F6400631CF2 /* RxBlocking.framework in CopyFiles */,
				395AA4F81DD53F6400631CF2 /* NVActivityIndicatorView.framework in CopyFiles */,
				395AA4F91DD53F6400631CF2 /* RxCocoa.framework in CopyFiles */,
				395AA4FA1DD53F6400631CF2 /* RxSwift.framework in CopyFiles */,
				395AA4FB1DD53F6400631CF2 /* SwiftyJSON.framework in CopyFiles */,
			);
			runOnlyForDeploymentPostprocessing = 0;
		};
		39EE5BA71DCE34DE00A82D80 /* CopyFiles */ = {
			isa = PBXCopyFilesBuildPhase;
			buildActionMask = 2147483647;
			dstPath = "";
			dstSubfolderSpec = 10;
			files = (
				39EE5BA81DCE34ED00A82D80 /* Alamofire.framework in CopyFiles */,
				39459B571DD1347500D967A2 /* Charts.framework in CopyFiles */,
				39459B451DD0BD6E00D967A2 /* ToastSwiftFramework.framework in CopyFiles */,
				39EE5BA91DCE34ED00A82D80 /* RxBlocking.framework in CopyFiles */,
				39405FF01DCEAB1C0049A96D /* NVActivityIndicatorView.framework in CopyFiles */,
				39EE5BAA1DCE34ED00A82D80 /* RxCocoa.framework in CopyFiles */,
				39EE5BAB1DCE34ED00A82D80 /* RxSwift.framework in CopyFiles */,
				39EE5BAD1DCE34ED00A82D80 /* SwiftyJSON.framework in CopyFiles */,
			);
			runOnlyForDeploymentPostprocessing = 0;
		};
/* End PBXCopyFilesBuildPhase section */

/* Begin PBXFileReference section */
		392000EF1DC0F0880083B942 /* Questionnaire A.app */ = {isa = PBXFileReference; explicitFileType = wrapper.application; includeInIndex = 0; path = "Questionnaire A.app"; sourceTree = BUILT_PRODUCTS_DIR; };
		392000F21DC0F0880083B942 /* AppDelegate.swift */ = {isa = PBXFileReference; lastKnownFileType = sourcecode.swift; path = AppDelegate.swift; sourceTree = "<group>"; };
		392000F41DC0F0880083B942 /* FirstViewController.swift */ = {isa = PBXFileReference; lastKnownFileType = sourcecode.swift; path = FirstViewController.swift; sourceTree = "<group>"; };
		392000F91DC0F0880083B942 /* Base */ = {isa = PBXFileReference; lastKnownFileType = file.storyboard; name = Base; path = Base.lproj/Main.storyboard; sourceTree = "<group>"; };
		392000FB1DC0F0880083B942 /* Assets.xcassets */ = {isa = PBXFileReference; lastKnownFileType = folder.assetcatalog; path = Assets.xcassets; sourceTree = "<group>"; };
		392000FE1DC0F0880083B942 /* Base */ = {isa = PBXFileReference; lastKnownFileType = file.storyboard; name = Base; path = Base.lproj/LaunchScreen.storyboard; sourceTree = "<group>"; };
		392001001DC0F0880083B942 /* Info.plist */ = {isa = PBXFileReference; lastKnownFileType = text.plist.xml; path = Info.plist; sourceTree = "<group>"; };
		392001091DC100FE0083B942 /* QuestionnaireViewController.swift */ = {isa = PBXFileReference; fileEncoding = 4; lastKnownFileType = sourcecode.swift; name = QuestionnaireViewController.swift; path = Questionnaire/QuestionnaireViewController.swift; sourceTree = "<group>"; };
		3920010B1DC101160083B942 /* QuestionnaireViewModel.swift */ = {isa = PBXFileReference; fileEncoding = 4; lastKnownFileType = sourcecode.swift; name = QuestionnaireViewModel.swift; path = Questionnaire/QuestionnaireViewModel.swift; sourceTree = "<group>"; };
		392001101DC104F30083B942 /* TextTableViewCell.swift */ = {isa = PBXFileReference; fileEncoding = 4; lastKnownFileType = sourcecode.swift; name = TextTableViewCell.swift; path = Questionnaire/Cells/TextTableViewCell.swift; sourceTree = "<group>"; };
		392001141DC105850083B942 /* NumericTableViewCell.swift */ = {isa = PBXFileReference; fileEncoding = 4; lastKnownFileType = sourcecode.swift; name = NumericTableViewCell.swift; path = Questionnaire/Cells/NumericTableViewCell.swift; sourceTree = "<group>"; };
		39405FEB1DCE8F020049A96D /* QuestionTypes.swift */ = {isa = PBXFileReference; fileEncoding = 4; lastKnownFileType = sourcecode.swift; name = QuestionTypes.swift; path = Data/Models/QuestionTypes.swift; sourceTree = "<group>"; };
		39405FED1DCEAB110049A96D /* NVActivityIndicatorView.framework */ = {isa = PBXFileReference; lastKnownFileType = wrapper.framework; name = NVActivityIndicatorView.framework; path = Carthage/Build/iOS/NVActivityIndicatorView.framework; sourceTree = "<group>"; };
		39405FF21DCEAEA90049A96D /* HexaColor.swift */ = {isa = PBXFileReference; fileEncoding = 4; lastKnownFileType = sourcecode.swift; name = HexaColor.swift; path = Utils/HexaColor.swift; sourceTree = "<group>"; };
		39405FF41DCEAEF30049A96D /* Utils.swift */ = {isa = PBXFileReference; fileEncoding = 4; lastKnownFileType = sourcecode.swift; name = Utils.swift; path = Utils/Utils.swift; sourceTree = "<group>"; };
		39405FFB1DCF36620049A96D /* DisplayableQuestionnaireState.swift */ = {isa = PBXFileReference; fileEncoding = 4; lastKnownFileType = sourcecode.swift; name = DisplayableQuestionnaireState.swift; path = Questionnaire/DisplayableQuestionnaireState.swift; sourceTree = "<group>"; };
		39405FFD1DCF54780049A96D /* SelectionTableViewCell.swift */ = {isa = PBXFileReference; fileEncoding = 4; lastKnownFileType = sourcecode.swift; name = SelectionTableViewCell.swift; path = Questionnaire/Cells/SelectionTableViewCell.swift; sourceTree = "<group>"; };
		39459B3C1DD09B0400D967A2 /* Answer.swift */ = {isa = PBXFileReference; fileEncoding = 4; lastKnownFileType = sourcecode.swift; name = Answer.swift; path = Data/Models/Answer.swift; sourceTree = "<group>"; };
		39459B3E1DD09C5900D967A2 /* Choice.swift */ = {isa = PBXFileReference; fileEncoding = 4; lastKnownFileType = sourcecode.swift; name = Choice.swift; path = Data/Models/Choice.swift; sourceTree = "<group>"; };
		39459B401DD0A7C800D967A2 /* ChoiceCell.swift */ = {isa = PBXFileReference; fileEncoding = 4; lastKnownFileType = sourcecode.swift; name = ChoiceCell.swift; path = Questionnaire/Cells/ChoiceCell.swift; sourceTree = "<group>"; };
		39459B421DD0BD4000D967A2 /* ToastSwiftFramework.framework */ = {isa = PBXFileReference; lastKnownFileType = wrapper.framework; name = ToastSwiftFramework.framework; path = Carthage/Build/iOS/ToastSwiftFramework.framework; sourceTree = "<group>"; };
		39459B471DD0C39000D967A2 /* Questionnaire.xcdatamodel */ = {isa = PBXFileReference; lastKnownFileType = wrapper.xcdatamodel; path = Questionnaire.xcdatamodel; sourceTree = "<group>"; };
		39459B4F1DD0DD8000D967A2 /* QuestionsViewController.swift */ = {isa = PBXFileReference; fileEncoding = 4; lastKnownFileType = sourcecode.swift; name = QuestionsViewController.swift; path = Stadistics/QuestionsViewController.swift; sourceTree = "<group>"; };
		39459B511DD0DD9400D967A2 /* QuestionsViewModel.swift */ = {isa = PBXFileReference; fileEncoding = 4; lastKnownFileType = sourcecode.swift; name = QuestionsViewModel.swift; path = Stadistics/QuestionsViewModel.swift; sourceTree = "<group>"; };
		39459B541DD1347000D967A2 /* Charts.framework */ = {isa = PBXFileReference; lastKnownFileType = wrapper.framework; name = Charts.framework; path = Carthage/Build/iOS/Charts.framework; sourceTree = "<group>"; };
		39459B591DD24E1300D967A2 /* StatisticNumericViewController.swift */ = {isa = PBXFileReference; fileEncoding = 4; lastKnownFileType = sourcecode.swift; name = StatisticNumericViewController.swift; path = Stadistics/Numeric/StatisticNumericViewController.swift; sourceTree = "<group>"; };
		39459B5B1DD24E7000D967A2 /* BaseStatisticViewController.swift */ = {isa = PBXFileReference; fileEncoding = 4; lastKnownFileType = sourcecode.swift; name = BaseStatisticViewController.swift; path = Stadistics/BaseStatisticViewController.swift; sourceTree = "<group>"; };
		39459B5D1DD2504000D967A2 /* StatisticNumericPageViewController.swift */ = {isa = PBXFileReference; fileEncoding = 4; lastKnownFileType = sourcecode.swift; name = StatisticNumericPageViewController.swift; path = Stadistics/Numeric/StatisticNumericPageViewController.swift; sourceTree = "<group>"; };
		39459B5F1DD2508A00D967A2 /* NumericGraphViewController.swift */ = {isa = PBXFileReference; fileEncoding = 4; lastKnownFileType = sourcecode.swift; name = NumericGraphViewController.swift; path = Stadistics/Numeric/NumericGraphViewController.swift; sourceTree = "<group>"; };
		39459B611DD250A200D967A2 /* NumericStatsViewController.swift */ = {isa = PBXFileReference; fileEncoding = 4; lastKnownFileType = sourcecode.swift; name = NumericStatsViewController.swift; path = Stadistics/Numeric/NumericStatsViewController.swift; sourceTree = "<group>"; };
		39459B631DD2A39F00D967A2 /* StatisticNumericViewModel.swift */ = {isa = PBXFileReference; fileEncoding = 4; lastKnownFileType = sourcecode.swift; name = StatisticNumericViewModel.swift; path = Stadistics/Numeric/StatisticNumericViewModel.swift; sourceTree = "<group>"; };
		395AA4561DD53D5400631CF2 /* InjectionA.swift */ = {isa = PBXFileReference; fileEncoding = 4; lastKnownFileType = sourcecode.swift; name = InjectionA.swift; path = Injection/InjectionA.swift; sourceTree = "<group>"; };
		395AA4571DD53D5400631CF2 /* InjectionB.swift */ = {isa = PBXFileReference; fileEncoding = 4; lastKnownFileType = sourcecode.swift; name = InjectionB.swift; path = Injection/InjectionB.swift; sourceTree = "<group>"; };
		395AA4A71DD53D6400631CF2 /* Questionnaire B.app */ = {isa = PBXFileReference; explicitFileType = wrapper.application; includeInIndex = 0; path = "Questionnaire B.app"; sourceTree = BUILT_PRODUCTS_DIR; };
		395AA4A81DD53D6400631CF2 /* Questionnaire copy-Info.plist */ = {isa = PBXFileReference; lastKnownFileType = text.plist.xml; name = "Questionnaire copy-Info.plist"; path = "/Users/brunoaybar/Documents/University/Liverpool/Mobile Computing/Assignments/Questionnaire/Questionnaire copy-Info.plist"; sourceTree = "<absolute>"; };
		395AA4AB1DD53DBF00631CF2 /* questionnaireA.json */ = {isa = PBXFileReference; fileEncoding = 4; lastKnownFileType = text.json; name = questionnaireA.json; path = Data/Files/questionnaireA.json; sourceTree = "<group>"; };
		395AA4AC1DD53DBF00631CF2 /* questionnaireB.json */ = {isa = PBXFileReference; fileEncoding = 4; lastKnownFileType = text.json; name = questionnaireB.json; path = Data/Files/questionnaireB.json; sourceTree = "<group>"; };
		395AA4B11DD53F5B00631CF2 /* InjectionC.swift */ = {isa = PBXFileReference; fileEncoding = 4; lastKnownFileType = sourcecode.swift; name = InjectionC.swift; path = Injection/InjectionC.swift; sourceTree = "<group>"; };
		395AA5001DD53F6400631CF2 /* Questionnaire C.app */ = {isa = PBXFileReference; explicitFileType = wrapper.application; includeInIndex = 0; path = "Questionnaire C.app"; sourceTree = BUILT_PRODUCTS_DIR; };
		395AA5011DD53F6500631CF2 /* Questionnaire B copy-Info.plist */ = {isa = PBXFileReference; lastKnownFileType = text.plist.xml; name = "Questionnaire B copy-Info.plist"; path = "/Users/brunoaybar/Documents/University/Liverpool/Mobile Computing/Assignments/Questionnaire/Questionnaire B copy-Info.plist"; sourceTree = "<absolute>"; };
		3980D2DF1DD36C6000DC6F89 /* NumericAnswerTableViewCell.swift */ = {isa = PBXFileReference; fileEncoding = 4; lastKnownFileType = sourcecode.swift; name = NumericAnswerTableViewCell.swift; path = Stadistics/Numeric/NumericAnswerTableViewCell.swift; sourceTree = "<group>"; };
		39EE5B9B1DCE34B400A82D80 /* Alamofire.framework */ = {isa = PBXFileReference; lastKnownFileType = wrapper.framework; name = Alamofire.framework; path = Carthage/Build/iOS/Alamofire.framework; sourceTree = "<group>"; };
		39EE5B9C1DCE34B400A82D80 /* RxBlocking.framework */ = {isa = PBXFileReference; lastKnownFileType = wrapper.framework; name = RxBlocking.framework; path = Carthage/Build/iOS/RxBlocking.framework; sourceTree = "<group>"; };
		39EE5B9D1DCE34B400A82D80 /* RxCocoa.framework */ = {isa = PBXFileReference; lastKnownFileType = wrapper.framework; name = RxCocoa.framework; path = Carthage/Build/iOS/RxCocoa.framework; sourceTree = "<group>"; };
		39EE5B9E1DCE34B400A82D80 /* RxSwift.framework */ = {isa = PBXFileReference; lastKnownFileType = wrapper.framework; name = RxSwift.framework; path = Carthage/Build/iOS/RxSwift.framework; sourceTree = "<group>"; };
		39EE5B9F1DCE34B400A82D80 /* RxTest.framework */ = {isa = PBXFileReference; lastKnownFileType = wrapper.framework; name = RxTest.framework; path = Carthage/Build/iOS/RxTest.framework; sourceTree = "<group>"; };
		39EE5BA01DCE34B400A82D80 /* SwiftyJSON.framework */ = {isa = PBXFileReference; lastKnownFileType = wrapper.framework; name = SwiftyJSON.framework; path = Carthage/Build/iOS/SwiftyJSON.framework; sourceTree = "<group>"; };
		39EE5BB41DCE77E400A82D80 /* Question.swift */ = {isa = PBXFileReference; fileEncoding = 4; lastKnownFileType = sourcecode.swift; name = Question.swift; path = Data/Models/Question.swift; sourceTree = "<group>"; };
		39EE5BC01DCE7C0700A82D80 /* Questionnaire.swift */ = {isa = PBXFileReference; fileEncoding = 4; lastKnownFileType = sourcecode.swift; name = Questionnaire.swift; path = Data/Models/Questionnaire.swift; sourceTree = "<group>"; };
		39F7F49F1DD3CC0600709D6C /* StatisticTextViewController.swift */ = {isa = PBXFileReference; fileEncoding = 4; lastKnownFileType = sourcecode.swift; name = StatisticTextViewController.swift; path = Stadistics/Text/StatisticTextViewController.swift; sourceTree = "<group>"; };
		39F7F4A11DD3CC2B00709D6C /* StatisticTextViewModel.swift */ = {isa = PBXFileReference; fileEncoding = 4; lastKnownFileType = sourcecode.swift; name = StatisticTextViewModel.swift; path = Stadistics/Text/StatisticTextViewModel.swift; sourceTree = "<group>"; };
		39F7F4A31DD3CDD200709D6C /* TextAnswerTableViewCell.swift */ = {isa = PBXFileReference; fileEncoding = 4; lastKnownFileType = sourcecode.swift; name = TextAnswerTableViewCell.swift; path = Stadistics/Text/TextAnswerTableViewCell.swift; sourceTree = "<group>"; };
		39F7F4A61DD3D9B100709D6C /* StatisticSingleViewController.swift */ = {isa = PBXFileReference; fileEncoding = 4; lastKnownFileType = sourcecode.swift; name = StatisticSingleViewController.swift; path = "Stadistics/Single Option/StatisticSingleViewController.swift"; sourceTree = "<group>"; };
		39F7F4A81DD3D9DA00709D6C /* StatisticSingleViewModel.swift */ = {isa = PBXFileReference; fileEncoding = 4; lastKnownFileType = sourcecode.swift; name = StatisticSingleViewModel.swift; path = "Stadistics/Single Option/StatisticSingleViewModel.swift"; sourceTree = "<group>"; };
		39F7F4AA1DD3DA9700709D6C /* SingleAnswerTableViewCell.swift */ = {isa = PBXFileReference; fileEncoding = 4; lastKnownFileType = sourcecode.swift; name = SingleAnswerTableViewCell.swift; path = "Stadistics/Single Option/SingleAnswerTableViewCell.swift"; sourceTree = "<group>"; };
		39F7F4AE1DD3DEC700709D6C /* QuestionnaireFileSource.swift */ = {isa = PBXFileReference; fileEncoding = 4; lastKnownFileType = sourcecode.swift; name = QuestionnaireFileSource.swift; path = Data/Source/Questionnaire/QuestionnaireFileSource.swift; sourceTree = "<group>"; };
		39F7F4AF1DD3DEC700709D6C /* QuestionnaireRepo.swift */ = {isa = PBXFileReference; fileEncoding = 4; lastKnownFileType = sourcecode.swift; name = QuestionnaireRepo.swift; path = Data/Source/Questionnaire/QuestionnaireRepo.swift; sourceTree = "<group>"; };
		39F7F4B01DD3DEC700709D6C /* QuestionnaireRepository.swift */ = {isa = PBXFileReference; fileEncoding = 4; lastKnownFileType = sourcecode.swift; name = QuestionnaireRepository.swift; path = Data/Source/Questionnaire/QuestionnaireRepository.swift; sourceTree = "<group>"; };
		39F7F4B11DD3DEC700709D6C /* QuestionnaireService.swift */ = {isa = PBXFileReference; fileEncoding = 4; lastKnownFileType = sourcecode.swift; name = QuestionnaireService.swift; path = Data/Source/Questionnaire/QuestionnaireService.swift; sourceTree = "<group>"; };
		39F7F4B61DD3DED300709D6C /* AnswerCoreData.swift */ = {isa = PBXFileReference; fileEncoding = 4; lastKnownFileType = sourcecode.swift; name = AnswerCoreData.swift; path = Data/Source/Answer/AnswerCoreData.swift; sourceTree = "<group>"; };
		39F7F4B71DD3DED300709D6C /* AnswerRepo.swift */ = {isa = PBXFileReference; fileEncoding = 4; lastKnownFileType = sourcecode.swift; name = AnswerRepo.swift; path = Data/Source/Answer/AnswerRepo.swift; sourceTree = "<group>"; };
		39F7F4B81DD3DED300709D6C /* AnswerRepository.swift */ = {isa = PBXFileReference; fileEncoding = 4; lastKnownFileType = sourcecode.swift; name = AnswerRepository.swift; path = Data/Source/Answer/AnswerRepository.swift; sourceTree = "<group>"; };
		39F7F4B91DD3DED300709D6C /* AnswerSimulatedRepo.swift */ = {isa = PBXFileReference; fileEncoding = 4; lastKnownFileType = sourcecode.swift; name = AnswerSimulatedRepo.swift; path = Data/Source/Answer/AnswerSimulatedRepo.swift; sourceTree = "<group>"; };
		39F7F4C01DD4E55E00709D6C /* StatisticsMultipleViewController.swift */ = {isa = PBXFileReference; fileEncoding = 4; lastKnownFileType = sourcecode.swift; name = StatisticsMultipleViewController.swift; path = "Stadistics/Multiple Option/StatisticsMultipleViewController.swift"; sourceTree = "<group>"; };
		39F7F4C21DD4E58000709D6C /* StatisticMultipleViewModel.swift */ = {isa = PBXFileReference; fileEncoding = 4; lastKnownFileType = sourcecode.swift; name = StatisticMultipleViewModel.swift; path = "Stadistics/Multiple Option/StatisticMultipleViewModel.swift"; sourceTree = "<group>"; };
		39F7F4C41DD4F45800709D6C /* QuestionTableViewCell.swift */ = {isa = PBXFileReference; fileEncoding = 4; lastKnownFileType = sourcecode.swift; name = QuestionTableViewCell.swift; path = Stadistics/QuestionTableViewCell.swift; sourceTree = "<group>"; };
/* End PBXFileReference section */

/* Begin PBXFrameworksBuildPhase section */
		392000EC1DC0F0880083B942 /* Frameworks */ = {
			isa = PBXFrameworksBuildPhase;
			buildActionMask = 2147483647;
			files = (
				39EE5BA11DCE34B400A82D80 /* Alamofire.framework in Frameworks */,
				39405FEF1DCEAB1C0049A96D /* NVActivityIndicatorView.framework in Frameworks */,
				39EE5BA21DCE34B400A82D80 /* RxBlocking.framework in Frameworks */,
				39EE5BA31DCE34B400A82D80 /* RxCocoa.framework in Frameworks */,
				39459B441DD0BD6E00D967A2 /* ToastSwiftFramework.framework in Frameworks */,
				39EE5BA41DCE34B400A82D80 /* RxSwift.framework in Frameworks */,
				39EE5BA61DCE34B400A82D80 /* SwiftyJSON.framework in Frameworks */,
				39459B561DD1347500D967A2 /* Charts.framework in Frameworks */,
			);
			runOnlyForDeploymentPostprocessing = 0;
		};
		395AA4891DD53D6400631CF2 /* Frameworks */ = {
			isa = PBXFrameworksBuildPhase;
			buildActionMask = 2147483647;
			files = (
				395AA48A1DD53D6400631CF2 /* Alamofire.framework in Frameworks */,
				395AA48B1DD53D6400631CF2 /* NVActivityIndicatorView.framework in Frameworks */,
				395AA48C1DD53D6400631CF2 /* RxBlocking.framework in Frameworks */,
				395AA48D1DD53D6400631CF2 /* RxCocoa.framework in Frameworks */,
				395AA48E1DD53D6400631CF2 /* ToastSwiftFramework.framework in Frameworks */,
				395AA48F1DD53D6400631CF2 /* RxSwift.framework in Frameworks */,
				395AA4901DD53D6400631CF2 /* SwiftyJSON.framework in Frameworks */,
				395AA4931DD53D6400631CF2 /* Charts.framework in Frameworks */,
			);
			runOnlyForDeploymentPostprocessing = 0;
		};
		395AA4E11DD53F6400631CF2 /* Frameworks */ = {
			isa = PBXFrameworksBuildPhase;
			buildActionMask = 2147483647;
			files = (
				395AA4E21DD53F6400631CF2 /* Alamofire.framework in Frameworks */,
				395AA4E31DD53F6400631CF2 /* NVActivityIndicatorView.framework in Frameworks */,
				395AA4E41DD53F6400631CF2 /* RxBlocking.framework in Frameworks */,
				395AA4E51DD53F6400631CF2 /* RxCocoa.framework in Frameworks */,
				395AA4E61DD53F6400631CF2 /* ToastSwiftFramework.framework in Frameworks */,
				395AA4E71DD53F6400631CF2 /* RxSwift.framework in Frameworks */,
				395AA4E81DD53F6400631CF2 /* SwiftyJSON.framework in Frameworks */,
				395AA4EB1DD53F6400631CF2 /* Charts.framework in Frameworks */,
			);
			runOnlyForDeploymentPostprocessing = 0;
		};
/* End PBXFrameworksBuildPhase section */

/* Begin PBXGroup section */
		392000E61DC0F0880083B942 = {
			isa = PBXGroup;
			children = (
				392000F11DC0F0880083B942 /* Questionnaire */,
				392000F01DC0F0880083B942 /* Products */,
				39EE5B9A1DCE34B200A82D80 /* Frameworks */,
				395AA4A81DD53D6400631CF2 /* Questionnaire copy-Info.plist */,
				395AA5011DD53F6500631CF2 /* Questionnaire B copy-Info.plist */,
			);
			sourceTree = "<group>";
		};
		392000F01DC0F0880083B942 /* Products */ = {
			isa = PBXGroup;
			children = (
				392000EF1DC0F0880083B942 /* Questionnaire A.app */,
				395AA4A71DD53D6400631CF2 /* Questionnaire B.app */,
				395AA5001DD53F6400631CF2 /* Questionnaire C.app */,
			);
			name = Products;
			sourceTree = "<group>";
		};
		392000F11DC0F0880083B942 /* Questionnaire */ = {
			isa = PBXGroup;
			children = (
				39405FF11DCEAE610049A96D /* Utils */,
				39EE5BBD1DCE7B4800A82D80 /* Injection */,
				39EE5BB11DCE77C600A82D80 /* Data */,
				392001081DC0F8C40083B942 /* Statistics */,
				392001071DC0F8A40083B942 /* Questionnarie */,
				392000F21DC0F0880083B942 /* AppDelegate.swift */,
				392000F41DC0F0880083B942 /* FirstViewController.swift */,
				392000F81DC0F0880083B942 /* Main.storyboard */,
				392000FB1DC0F0880083B942 /* Assets.xcassets */,
				392000FD1DC0F0880083B942 /* LaunchScreen.storyboard */,
				392001001DC0F0880083B942 /* Info.plist */,
			);
			path = Questionnaire;
			sourceTree = "<group>";
		};
		392001071DC0F8A40083B942 /* Questionnarie */ = {
			isa = PBXGroup;
			children = (
				3920010F1DC104C40083B942 /* Cells */,
				392001091DC100FE0083B942 /* QuestionnaireViewController.swift */,
				3920010B1DC101160083B942 /* QuestionnaireViewModel.swift */,
				39405FFB1DCF36620049A96D /* DisplayableQuestionnaireState.swift */,
			);
			name = Questionnarie;
			sourceTree = "<group>";
		};
		392001081DC0F8C40083B942 /* Statistics */ = {
			isa = PBXGroup;
			children = (
				39F7F49E1DD3CBDF00709D6C /* Text */,
				39459B581DD24DD000D967A2 /* Numeric */,
				39F7F4A51DD3D98200709D6C /* Single Option */,
				39F7F4BF1DD4E52A00709D6C /* Multiple Option */,
				39459B4F1DD0DD8000D967A2 /* QuestionsViewController.swift */,
				39459B511DD0DD9400D967A2 /* QuestionsViewModel.swift */,
				39F7F4C41DD4F45800709D6C /* QuestionTableViewCell.swift */,
				39459B5B1DD24E7000D967A2 /* BaseStatisticViewController.swift */,
			);
			name = Statistics;
			sourceTree = "<group>";
		};
		3920010F1DC104C40083B942 /* Cells */ = {
			isa = PBXGroup;
			children = (
				392001101DC104F30083B942 /* TextTableViewCell.swift */,
				392001141DC105850083B942 /* NumericTableViewCell.swift */,
				39405FFD1DCF54780049A96D /* SelectionTableViewCell.swift */,
				39459B401DD0A7C800D967A2 /* ChoiceCell.swift */,
			);
			name = Cells;
			sourceTree = "<group>";
		};
		39405FF11DCEAE610049A96D /* Utils */ = {
			isa = PBXGroup;
			children = (
				39405FF21DCEAEA90049A96D /* HexaColor.swift */,
				39405FF41DCEAEF30049A96D /* Utils.swift */,
			);
			name = Utils;
			sourceTree = "<group>";
		};
		39405FF61DCF1FB60049A96D /* Files */ = {
			isa = PBXGroup;
			children = (
				395AA4AB1DD53DBF00631CF2 /* questionnaireA.json */,
				395AA4AC1DD53DBF00631CF2 /* questionnaireB.json */,
			);
			name = Files;
			sourceTree = "<group>";
		};
		39459B581DD24DD000D967A2 /* Numeric */ = {
			isa = PBXGroup;
			children = (
				39459B631DD2A39F00D967A2 /* StatisticNumericViewModel.swift */,
				39459B591DD24E1300D967A2 /* StatisticNumericViewController.swift */,
				39459B5D1DD2504000D967A2 /* StatisticNumericPageViewController.swift */,
				39459B5F1DD2508A00D967A2 /* NumericGraphViewController.swift */,
				39459B611DD250A200D967A2 /* NumericStatsViewController.swift */,
				3980D2DF1DD36C6000DC6F89 /* NumericAnswerTableViewCell.swift */,
			);
			name = Numeric;
			sourceTree = "<group>";
		};
		39EE5B9A1DCE34B200A82D80 /* Frameworks */ = {
			isa = PBXGroup;
			children = (
				39459B541DD1347000D967A2 /* Charts.framework */,
				39459B421DD0BD4000D967A2 /* ToastSwiftFramework.framework */,
				39405FED1DCEAB110049A96D /* NVActivityIndicatorView.framework */,
				39EE5B9B1DCE34B400A82D80 /* Alamofire.framework */,
				39EE5B9C1DCE34B400A82D80 /* RxBlocking.framework */,
				39EE5B9D1DCE34B400A82D80 /* RxCocoa.framework */,
				39EE5B9E1DCE34B400A82D80 /* RxSwift.framework */,
				39EE5B9F1DCE34B400A82D80 /* RxTest.framework */,
				39EE5BA01DCE34B400A82D80 /* SwiftyJSON.framework */,
			);
			name = Frameworks;
			sourceTree = "<group>";
		};
		39EE5BB11DCE77C600A82D80 /* Data */ = {
			isa = PBXGroup;
			children = (
				39405FF61DCF1FB60049A96D /* Files */,
				39EE5BB31DCE77D300A82D80 /* Models */,
				39EE5BB21DCE77CE00A82D80 /* Source */,
			);
			name = Data;
			sourceTree = "<group>";
		};
		39EE5BB21DCE77CE00A82D80 /* Source */ = {
			isa = PBXGroup;
			children = (
				39F7F4AD1DD3DEBC00709D6C /* Questionnaire */,
				39F7F4AC1DD3DEB300709D6C /* Answer */,
				39459B461DD0C39000D967A2 /* Questionnaire.xcdatamodeld */,
			);
			name = Source;
			sourceTree = "<group>";
		};
		39EE5BB31DCE77D300A82D80 /* Models */ = {
			isa = PBXGroup;
			children = (
				39EE5BB41DCE77E400A82D80 /* Question.swift */,
				39EE5BC01DCE7C0700A82D80 /* Questionnaire.swift */,
				39405FEB1DCE8F020049A96D /* QuestionTypes.swift */,
				39459B3C1DD09B0400D967A2 /* Answer.swift */,
				39459B3E1DD09C5900D967A2 /* Choice.swift */,
			);
			name = Models;
			sourceTree = "<group>";
		};
		39EE5BBD1DCE7B4800A82D80 /* Injection */ = {
			isa = PBXGroup;
			children = (
				395AA4561DD53D5400631CF2 /* InjectionA.swift */,
				395AA4571DD53D5400631CF2 /* InjectionB.swift */,
				395AA4B11DD53F5B00631CF2 /* InjectionC.swift */,
			);
			name = Injection;
			sourceTree = "<group>";
		};
		39F7F49E1DD3CBDF00709D6C /* Text */ = {
			isa = PBXGroup;
			children = (
				39F7F49F1DD3CC0600709D6C /* StatisticTextViewController.swift */,
				39F7F4A11DD3CC2B00709D6C /* StatisticTextViewModel.swift */,
				39F7F4A31DD3CDD200709D6C /* TextAnswerTableViewCell.swift */,
			);
			name = Text;
			sourceTree = "<group>";
		};
		39F7F4A51DD3D98200709D6C /* Single Option */ = {
			isa = PBXGroup;
			children = (
				39F7F4A61DD3D9B100709D6C /* StatisticSingleViewController.swift */,
				39F7F4A81DD3D9DA00709D6C /* StatisticSingleViewModel.swift */,
				39F7F4AA1DD3DA9700709D6C /* SingleAnswerTableViewCell.swift */,
			);
			name = "Single Option";
			sourceTree = "<group>";
		};
		39F7F4AC1DD3DEB300709D6C /* Answer */ = {
			isa = PBXGroup;
			children = (
				39F7F4B71DD3DED300709D6C /* AnswerRepo.swift */,
				39F7F4B61DD3DED300709D6C /* AnswerCoreData.swift */,
				39F7F4B81DD3DED300709D6C /* AnswerRepository.swift */,
				39F7F4B91DD3DED300709D6C /* AnswerSimulatedRepo.swift */,
			);
			name = Answer;
			sourceTree = "<group>";
		};
		39F7F4AD1DD3DEBC00709D6C /* Questionnaire */ = {
			isa = PBXGroup;
			children = (
				39F7F4AE1DD3DEC700709D6C /* QuestionnaireFileSource.swift */,
				39F7F4AF1DD3DEC700709D6C /* QuestionnaireRepo.swift */,
				39F7F4B01DD3DEC700709D6C /* QuestionnaireRepository.swift */,
				39F7F4B11DD3DEC700709D6C /* QuestionnaireService.swift */,
			);
			name = Questionnaire;
			sourceTree = "<group>";
		};
		39F7F4BF1DD4E52A00709D6C /* Multiple Option */ = {
			isa = PBXGroup;
			children = (
				39F7F4C01DD4E55E00709D6C /* StatisticsMultipleViewController.swift */,
				39F7F4C21DD4E58000709D6C /* StatisticMultipleViewModel.swift */,
			);
			name = "Multiple Option";
			sourceTree = "<group>";
		};
/* End PBXGroup section */

/* Begin PBXNativeTarget section */
		392000EE1DC0F0880083B942 /* Questionnaire A */ = {
			isa = PBXNativeTarget;
			buildConfigurationList = 392001031DC0F0880083B942 /* Build configuration list for PBXNativeTarget "Questionnaire A" */;
			buildPhases = (
				392000EB1DC0F0880083B942 /* Sources */,
				392000EC1DC0F0880083B942 /* Frameworks */,
				392000ED1DC0F0880083B942 /* Resources */,
				39EE5BA71DCE34DE00A82D80 /* CopyFiles */,
				39EE5BAF1DCE357400A82D80 /* ShellScript */,
			);
			buildRules = (
			);
			dependencies = (
			);
			name = "Questionnaire A";
			productName = Questionnaire;
			productReference = 392000EF1DC0F0880083B942 /* Questionnaire A.app */;
			productType = "com.apple.product-type.application";
		};
		395AA45A1DD53D6400631CF2 /* Questionnaire B */ = {
			isa = PBXNativeTarget;
			buildConfigurationList = 395AA4A41DD53D6400631CF2 /* Build configuration list for PBXNativeTarget "Questionnaire B" */;
			buildPhases = (
				395AA45B1DD53D6400631CF2 /* Sources */,
				395AA4891DD53D6400631CF2 /* Frameworks */,
				395AA4951DD53D6400631CF2 /* Resources */,
				395AA49A1DD53D6400631CF2 /* CopyFiles */,
				395AA4A31DD53D6400631CF2 /* ShellScript */,
			);
			buildRules = (
			);
			dependencies = (
			);
			name = "Questionnaire B";
			productName = Questionnaire;
			productReference = 395AA4A71DD53D6400631CF2 /* Questionnaire B.app */;
			productType = "com.apple.product-type.application";
		};
		395AA4B31DD53F6400631CF2 /* Questionnaire C */ = {
			isa = PBXNativeTarget;
			buildConfigurationList = 395AA4FD1DD53F6400631CF2 /* Build configuration list for PBXNativeTarget "Questionnaire C" */;
			buildPhases = (
				395AA4B41DD53F6400631CF2 /* Sources */,
				395AA4E11DD53F6400631CF2 /* Frameworks */,
				395AA4ED1DD53F6400631CF2 /* Resources */,
				395AA4F31DD53F6400631CF2 /* CopyFiles */,
				395AA4FC1DD53F6400631CF2 /* ShellScript */,
			);
			buildRules = (
			);
			dependencies = (
			);
			name = "Questionnaire C";
			productName = Questionnaire;
			productReference = 395AA5001DD53F6400631CF2 /* Questionnaire C.app */;
			productType = "com.apple.product-type.application";
		};
/* End PBXNativeTarget section */

/* Begin PBXProject section */
		392000E71DC0F0880083B942 /* Project object */ = {
			isa = PBXProject;
			attributes = {
				LastSwiftUpdateCheck = 0800;
				LastUpgradeCheck = 0810;
				ORGANIZATIONNAME = "Bruno Aybar";
				TargetAttributes = {
					392000EE1DC0F0880083B942 = {
						CreatedOnToolsVersion = 8.0;
						ProvisioningStyle = Automatic;
					};
				};
			};
			buildConfigurationList = 392000EA1DC0F0880083B942 /* Build configuration list for PBXProject "Questionnaire" */;
			compatibilityVersion = "Xcode 3.2";
			developmentRegion = English;
			hasScannedForEncodings = 0;
			knownRegions = (
				en,
				Base,
			);
			mainGroup = 392000E61DC0F0880083B942;
			productRefGroup = 392000F01DC0F0880083B942 /* Products */;
			projectDirPath = "";
			projectRoot = "";
			targets = (
				392000EE1DC0F0880083B942 /* Questionnaire A */,
				395AA45A1DD53D6400631CF2 /* Questionnaire B */,
				395AA4B31DD53F6400631CF2 /* Questionnaire C */,
			);
		};
/* End PBXProject section */

/* Begin PBXResourcesBuildPhase section */
		392000ED1DC0F0880083B942 /* Resources */ = {
			isa = PBXResourcesBuildPhase;
			buildActionMask = 2147483647;
			files = (
				392000FF1DC0F0880083B942 /* LaunchScreen.storyboard in Resources */,
				395AA4AE1DD53DBF00631CF2 /* questionnaireB.json in Resources */,
				392000FC1DC0F0880083B942 /* Assets.xcassets in Resources */,
				392000FA1DC0F0880083B942 /* Main.storyboard in Resources */,
				395AA4AD1DD53DBF00631CF2 /* questionnaireA.json in Resources */,
			);
			runOnlyForDeploymentPostprocessing = 0;
		};
		395AA4951DD53D6400631CF2 /* Resources */ = {
			isa = PBXResourcesBuildPhase;
			buildActionMask = 2147483647;
			files = (
				395AA4AF1DD53DC300631CF2 /* questionnaireB.json in Resources */,
				395AA4961DD53D6400631CF2 /* LaunchScreen.storyboard in Resources */,
				395AA4971DD53D6400631CF2 /* Assets.xcassets in Resources */,
				395AA4B01DD53DC500631CF2 /* questionnaireA.json in Resources */,
				395AA4981DD53D6400631CF2 /* Main.storyboard in Resources */,
			);
			runOnlyForDeploymentPostprocessing = 0;
		};
		395AA4ED1DD53F6400631CF2 /* Resources */ = {
			isa = PBXResourcesBuildPhase;
			buildActionMask = 2147483647;
			files = (
				395AA4EE1DD53F6400631CF2 /* questionnaireB.json in Resources */,
				395AA4EF1DD53F6400631CF2 /* LaunchScreen.storyboard in Resources */,
				395AA4F01DD53F6400631CF2 /* Assets.xcassets in Resources */,
				395AA4F11DD53F6400631CF2 /* questionnaireA.json in Resources */,
				395AA4F21DD53F6400631CF2 /* Main.storyboard in Resources */,
			);
			runOnlyForDeploymentPostprocessing = 0;
		};
/* End PBXResourcesBuildPhase section */

/* Begin PBXShellScriptBuildPhase section */
		395AA4A31DD53D6400631CF2 /* ShellScript */ = {
			isa = PBXShellScriptBuildPhase;
			buildActionMask = 2147483647;
			files = (
			);
			inputPaths = (
				"$(SRCROOT)/Carthage/Build/iOS/Alamofire.framework",
				"$(SRCROOT)/Carthage/Build/iOS/SwiftyJSON.framework",
				"$(SRCROOT)/Carthage/Build/iOS/RxBlocking.framework",
				"$(SRCROOT)/Carthage/Build/iOS/RxCocoa.framework",
				"$(SRCROOT)/Carthage/Build/iOS/RxSwift.framework",
			);
			outputPaths = (
			);
			runOnlyForDeploymentPostprocessing = 0;
			shellPath = /bin/sh;
			shellScript = "/usr/local/bin/carthage copy-frameworks";
		};
		395AA4FC1DD53F6400631CF2 /* ShellScript */ = {
			isa = PBXShellScriptBuildPhase;
			buildActionMask = 2147483647;
			files = (
			);
			inputPaths = (
				"$(SRCROOT)/Carthage/Build/iOS/Alamofire.framework",
				"$(SRCROOT)/Carthage/Build/iOS/SwiftyJSON.framework",
				"$(SRCROOT)/Carthage/Build/iOS/RxBlocking.framework",
				"$(SRCROOT)/Carthage/Build/iOS/RxCocoa.framework",
				"$(SRCROOT)/Carthage/Build/iOS/RxSwift.framework",
			);
			outputPaths = (
			);
			runOnlyForDeploymentPostprocessing = 0;
			shellPath = /bin/sh;
			shellScript = "/usr/local/bin/carthage copy-frameworks";
		};
		39EE5BAF1DCE357400A82D80 /* ShellScript */ = {
			isa = PBXShellScriptBuildPhase;
			buildActionMask = 2147483647;
			files = (
			);
			inputPaths = (
				"$(SRCROOT)/Carthage/Build/iOS/Alamofire.framework",
				"$(SRCROOT)/Carthage/Build/iOS/SwiftyJSON.framework",
				"$(SRCROOT)/Carthage/Build/iOS/RxBlocking.framework",
				"$(SRCROOT)/Carthage/Build/iOS/RxCocoa.framework",
				"$(SRCROOT)/Carthage/Build/iOS/RxSwift.framework",
			);
			outputPaths = (
			);
			runOnlyForDeploymentPostprocessing = 0;
			shellPath = /bin/sh;
			shellScript = "/usr/local/bin/carthage copy-frameworks";
		};
/* End PBXShellScriptBuildPhase section */

/* Begin PBXSourcesBuildPhase section */
		392000EB1DC0F0880083B942 /* Sources */ = {
			isa = PBXSourcesBuildPhase;
			buildActionMask = 2147483647;
			files = (
				39459B481DD0C39000D967A2 /* Questionnaire.xcdatamodeld in Sources */,
				39405FEC1DCE8F020049A96D /* QuestionTypes.swift in Sources */,
				39459B601DD2508A00D967A2 /* NumericGraphViewController.swift in Sources */,
				39459B3F1DD09C5900D967A2 /* Choice.swift in Sources */,
				39F7F4B51DD3DEC700709D6C /* QuestionnaireService.swift in Sources */,
				39459B5C1DD24E7000D967A2 /* BaseStatisticViewController.swift in Sources */,
				39459B501DD0DD8000D967A2 /* QuestionsViewController.swift in Sources */,
				39F7F4A91DD3D9DA00709D6C /* StatisticSingleViewModel.swift in Sources */,
				39405FFE1DCF54780049A96D /* SelectionTableViewCell.swift in Sources */,
				39459B3D1DD09B0400D967A2 /* Answer.swift in Sources */,
				392001121DC104F30083B942 /* TextTableViewCell.swift in Sources */,
				395AA4581DD53D5500631CF2 /* InjectionA.swift in Sources */,
				39F7F4A41DD3CDD200709D6C /* TextAnswerTableViewCell.swift in Sources */,
				39F7F4B41DD3DEC700709D6C /* QuestionnaireRepository.swift in Sources */,
				392000F31DC0F0880083B942 /* AppDelegate.swift in Sources */,
				39EE5BB51DCE77E400A82D80 /* Question.swift in Sources */,
				39F7F4C31DD4E58000709D6C /* StatisticMultipleViewModel.swift in Sources */,
				39F7F4BD1DD3DED300709D6C /* AnswerSimulatedRepo.swift in Sources */,
				39EE5BC11DCE7C0700A82D80 /* Questionnaire.swift in Sources */,
				39F7F4C11DD4E55E00709D6C /* StatisticsMultipleViewController.swift in Sources */,
				39459B5E1DD2504000D967A2 /* StatisticNumericPageViewController.swift in Sources */,
				39F7F4AB1DD3DA9700709D6C /* SingleAnswerTableViewCell.swift in Sources */,
				39F7F4B21DD3DEC700709D6C /* QuestionnaireFileSource.swift in Sources */,
				39459B5A1DD24E1300D967A2 /* StatisticNumericViewController.swift in Sources */,
				392001161DC105850083B942 /* NumericTableViewCell.swift in Sources */,
				39405FF51DCEAEF30049A96D /* Utils.swift in Sources */,
				3920010A1DC100FE0083B942 /* QuestionnaireViewController.swift in Sources */,
				39F7F4B31DD3DEC700709D6C /* QuestionnaireRepo.swift in Sources */,
				392000F51DC0F0880083B942 /* FirstViewController.swift in Sources */,
				39F7F4BC1DD3DED300709D6C /* AnswerRepository.swift in Sources */,
				39459B521DD0DD9400D967A2 /* QuestionsViewModel.swift in Sources */,
				3980D2E01DD36C6000DC6F89 /* NumericAnswerTableViewCell.swift in Sources */,
				39459B621DD250A200D967A2 /* NumericStatsViewController.swift in Sources */,
				39F7F4C51DD4F45800709D6C /* QuestionTableViewCell.swift in Sources */,
				39F7F4A01DD3CC0600709D6C /* StatisticTextViewController.swift in Sources */,
				39F7F4BB1DD3DED300709D6C /* AnswerRepo.swift in Sources */,
				3920010C1DC101160083B942 /* QuestionnaireViewModel.swift in Sources */,
				39459B641DD2A39F00D967A2 /* StatisticNumericViewModel.swift in Sources */,
				39405FFC1DCF36620049A96D /* DisplayableQuestionnaireState.swift in Sources */,
				39405FF31DCEAEA90049A96D /* HexaColor.swift in Sources */,
				39F7F4BA1DD3DED300709D6C /* AnswerCoreData.swift in Sources */,
				39459B411DD0A7C800D967A2 /* ChoiceCell.swift in Sources */,
				39F7F4A21DD3CC2B00709D6C /* StatisticTextViewModel.swift in Sources */,
				39F7F4A71DD3D9B100709D6C /* StatisticSingleViewController.swift in Sources */,
			);
			runOnlyForDeploymentPostprocessing = 0;
		};
		395AA45B1DD53D6400631CF2 /* Sources */ = {
			isa = PBXSourcesBuildPhase;
			buildActionMask = 2147483647;
			files = (
				395AA45C1DD53D6400631CF2 /* Questionnaire.xcdatamodeld in Sources */,
				395AA45D1DD53D6400631CF2 /* QuestionTypes.swift in Sources */,
				395AA45E1DD53D6400631CF2 /* NumericGraphViewController.swift in Sources */,
				395AA45F1DD53D6400631CF2 /* Choice.swift in Sources */,
				395AA4601DD53D6400631CF2 /* QuestionnaireService.swift in Sources */,
				395AA4611DD53D6400631CF2 /* BaseStatisticViewController.swift in Sources */,
				395AA4621DD53D6400631CF2 /* InjectionB.swift in Sources */,
				395AA4631DD53D6400631CF2 /* QuestionsViewController.swift in Sources */,
				395AA4641DD53D6400631CF2 /* StatisticSingleViewModel.swift in Sources */,
				395AA4651DD53D6400631CF2 /* SelectionTableViewCell.swift in Sources */,
				395AA4661DD53D6400631CF2 /* Answer.swift in Sources */,
				395AA4671DD53D6400631CF2 /* TextTableViewCell.swift in Sources */,
				395AA4691DD53D6400631CF2 /* TextAnswerTableViewCell.swift in Sources */,
				395AA46A1DD53D6400631CF2 /* QuestionnaireRepository.swift in Sources */,
				395AA46B1DD53D6400631CF2 /* AppDelegate.swift in Sources */,
				395AA46C1DD53D6400631CF2 /* Question.swift in Sources */,
				395AA46D1DD53D6400631CF2 /* StatisticMultipleViewModel.swift in Sources */,
				395AA46E1DD53D6400631CF2 /* AnswerSimulatedRepo.swift in Sources */,
				395AA46F1DD53D6400631CF2 /* Questionnaire.swift in Sources */,
				395AA4701DD53D6400631CF2 /* StatisticsMultipleViewController.swift in Sources */,
				395AA4711DD53D6400631CF2 /* StatisticNumericPageViewController.swift in Sources */,
				395AA4721DD53D6400631CF2 /* SingleAnswerTableViewCell.swift in Sources */,
				395AA4731DD53D6400631CF2 /* QuestionnaireFileSource.swift in Sources */,
				395AA4741DD53D6400631CF2 /* StatisticNumericViewController.swift in Sources */,
				395AA4751DD53D6400631CF2 /* NumericTableViewCell.swift in Sources */,
				395AA4761DD53D6400631CF2 /* Utils.swift in Sources */,
				395AA4771DD53D6400631CF2 /* QuestionnaireViewController.swift in Sources */,
				395AA4781DD53D6400631CF2 /* QuestionnaireRepo.swift in Sources */,
				395AA4791DD53D6400631CF2 /* FirstViewController.swift in Sources */,
				395AA47A1DD53D6400631CF2 /* AnswerRepository.swift in Sources */,
				395AA47B1DD53D6400631CF2 /* QuestionsViewModel.swift in Sources */,
				395AA47C1DD53D6400631CF2 /* NumericAnswerTableViewCell.swift in Sources */,
				395AA47D1DD53D6400631CF2 /* NumericStatsViewController.swift in Sources */,
				395AA47E1DD53D6400631CF2 /* QuestionTableViewCell.swift in Sources */,
				395AA47F1DD53D6400631CF2 /* StatisticTextViewController.swift in Sources */,
				395AA4801DD53D6400631CF2 /* AnswerRepo.swift in Sources */,
				395AA4811DD53D6400631CF2 /* QuestionnaireViewModel.swift in Sources */,
				395AA4821DD53D6400631CF2 /* StatisticNumericViewModel.swift in Sources */,
				395AA4831DD53D6400631CF2 /* DisplayableQuestionnaireState.swift in Sources */,
				395AA4841DD53D6400631CF2 /* HexaColor.swift in Sources */,
				395AA4851DD53D6400631CF2 /* AnswerCoreData.swift in Sources */,
				395AA4861DD53D6400631CF2 /* ChoiceCell.swift in Sources */,
				395AA4871DD53D6400631CF2 /* StatisticTextViewModel.swift in Sources */,
				395AA4881DD53D6400631CF2 /* StatisticSingleViewController.swift in Sources */,
			);
			runOnlyForDeploymentPostprocessing = 0;
		};
		395AA4B41DD53F6400631CF2 /* Sources */ = {
			isa = PBXSourcesBuildPhase;
			buildActionMask = 2147483647;
			files = (
				395AA4B51DD53F6400631CF2 /* Questionnaire.xcdatamodeld in Sources */,
				395AA4B61DD53F6400631CF2 /* QuestionTypes.swift in Sources */,
				395AA4B71DD53F6400631CF2 /* NumericGraphViewController.swift in Sources */,
				395AA4B81DD53F6400631CF2 /* Choice.swift in Sources */,
				395AA4B91DD53F6400631CF2 /* QuestionnaireService.swift in Sources */,
				395AA4BA1DD53F6400631CF2 /* BaseStatisticViewController.swift in Sources */,
				395AA4BC1DD53F6400631CF2 /* QuestionsViewController.swift in Sources */,
				395AA4BD1DD53F6400631CF2 /* StatisticSingleViewModel.swift in Sources */,
				395AA4BE1DD53F6400631CF2 /* SelectionTableViewCell.swift in Sources */,
				395AA4BF1DD53F6400631CF2 /* Answer.swift in Sources */,
				395AA4C01DD53F6400631CF2 /* TextTableViewCell.swift in Sources */,
				395AA4C11DD53F6400631CF2 /* TextAnswerTableViewCell.swift in Sources */,
				395AA4C21DD53F6400631CF2 /* QuestionnaireRepository.swift in Sources */,
				395AA4C31DD53F6400631CF2 /* AppDelegate.swift in Sources */,
				395AA4C41DD53F6400631CF2 /* Question.swift in Sources */,
				395AA4C51DD53F6400631CF2 /* StatisticMultipleViewModel.swift in Sources */,
				395AA4C61DD53F6400631CF2 /* AnswerSimulatedRepo.swift in Sources */,
				395AA4C71DD53F6400631CF2 /* Questionnaire.swift in Sources */,
				395AA4C81DD53F6400631CF2 /* StatisticsMultipleViewController.swift in Sources */,
				395AA4C91DD53F6400631CF2 /* StatisticNumericPageViewController.swift in Sources */,
				395AA4CA1DD53F6400631CF2 /* SingleAnswerTableViewCell.swift in Sources */,
				395AA5021DD53F7700631CF2 /* InjectionC.swift in Sources */,
				395AA4CB1DD53F6400631CF2 /* QuestionnaireFileSource.swift in Sources */,
				395AA4CC1DD53F6400631CF2 /* StatisticNumericViewController.swift in Sources */,
				395AA4CD1DD53F6400631CF2 /* NumericTableViewCell.swift in Sources */,
				395AA4CE1DD53F6400631CF2 /* Utils.swift in Sources */,
				395AA4CF1DD53F6400631CF2 /* QuestionnaireViewController.swift in Sources */,
				395AA4D01DD53F6400631CF2 /* QuestionnaireRepo.swift in Sources */,
				395AA4D11DD53F6400631CF2 /* FirstViewController.swift in Sources */,
				395AA4D21DD53F6400631CF2 /* AnswerRepository.swift in Sources */,
				395AA4D31DD53F6400631CF2 /* QuestionsViewModel.swift in Sources */,
				395AA4D41DD53F6400631CF2 /* NumericAnswerTableViewCell.swift in Sources */,
				395AA4D51DD53F6400631CF2 /* NumericStatsViewController.swift in Sources */,
				395AA4D61DD53F6400631CF2 /* QuestionTableViewCell.swift in Sources */,
				395AA4D71DD53F6400631CF2 /* StatisticTextViewController.swift in Sources */,
				395AA4D81DD53F6400631CF2 /* AnswerRepo.swift in Sources */,
				395AA4D91DD53F6400631CF2 /* QuestionnaireViewModel.swift in Sources */,
				395AA4DA1DD53F6400631CF2 /* StatisticNumericViewModel.swift in Sources */,
				395AA4DB1DD53F6400631CF2 /* DisplayableQuestionnaireState.swift in Sources */,
				395AA4DC1DD53F6400631CF2 /* HexaColor.swift in Sources */,
				395AA4DD1DD53F6400631CF2 /* AnswerCoreData.swift in Sources */,
				395AA4DE1DD53F6400631CF2 /* ChoiceCell.swift in Sources */,
				395AA4DF1DD53F6400631CF2 /* StatisticTextViewModel.swift in Sources */,
				395AA4E01DD53F6400631CF2 /* StatisticSingleViewController.swift in Sources */,
			);
			runOnlyForDeploymentPostprocessing = 0;
		};
/* End PBXSourcesBuildPhase section */

/* Begin PBXVariantGroup section */
		392000F81DC0F0880083B942 /* Main.storyboard */ = {
			isa = PBXVariantGroup;
			children = (
				392000F91DC0F0880083B942 /* Base */,
			);
			name = Main.storyboard;
			sourceTree = "<group>";
		};
		392000FD1DC0F0880083B942 /* LaunchScreen.storyboard */ = {
			isa = PBXVariantGroup;
			children = (
				392000FE1DC0F0880083B942 /* Base */,
			);
			name = LaunchScreen.storyboard;
			sourceTree = "<group>";
		};
/* End PBXVariantGroup section */

/* Begin XCBuildConfiguration section */
		392001011DC0F0880083B942 /* Debug */ = {
			isa = XCBuildConfiguration;
			buildSettings = {
				ALWAYS_SEARCH_USER_PATHS = NO;
				CLANG_ANALYZER_NONNULL = YES;
				CLANG_CXX_LANGUAGE_STANDARD = "gnu++0x";
				CLANG_CXX_LIBRARY = "libc++";
				CLANG_ENABLE_MODULES = YES;
				CLANG_ENABLE_OBJC_ARC = YES;
				CLANG_WARN_BOOL_CONVERSION = YES;
				CLANG_WARN_CONSTANT_CONVERSION = YES;
				CLANG_WARN_DIRECT_OBJC_ISA_USAGE = YES_ERROR;
				CLANG_WARN_DOCUMENTATION_COMMENTS = YES;
				CLANG_WARN_EMPTY_BODY = YES;
				CLANG_WARN_ENUM_CONVERSION = YES;
				CLANG_WARN_INFINITE_RECURSION = YES;
				CLANG_WARN_INT_CONVERSION = YES;
				CLANG_WARN_OBJC_ROOT_CLASS = YES_ERROR;
				CLANG_WARN_SUSPICIOUS_MOVE = YES;
				CLANG_WARN_SUSPICIOUS_MOVES = YES;
				CLANG_WARN_UNREACHABLE_CODE = YES;
				CLANG_WARN__DUPLICATE_METHOD_MATCH = YES;
				"CODE_SIGN_IDENTITY[sdk=iphoneos*]" = "iPhone Developer";
				COPY_PHASE_STRIP = NO;
				DEBUG_INFORMATION_FORMAT = dwarf;
				ENABLE_STRICT_OBJC_MSGSEND = YES;
				ENABLE_TESTABILITY = YES;
				GCC_C_LANGUAGE_STANDARD = gnu99;
				GCC_DYNAMIC_NO_PIC = NO;
				GCC_NO_COMMON_BLOCKS = YES;
				GCC_OPTIMIZATION_LEVEL = 0;
				GCC_PREPROCESSOR_DEFINITIONS = (
					"DEBUG=1",
					"$(inherited)",
				);
				GCC_WARN_64_TO_32_BIT_CONVERSION = YES;
				GCC_WARN_ABOUT_RETURN_TYPE = YES_ERROR;
				GCC_WARN_UNDECLARED_SELECTOR = YES;
				GCC_WARN_UNINITIALIZED_AUTOS = YES_AGGRESSIVE;
				GCC_WARN_UNUSED_FUNCTION = YES;
				GCC_WARN_UNUSED_VARIABLE = YES;
				IPHONEOS_DEPLOYMENT_TARGET = 10.0;
				MTL_ENABLE_DEBUG_INFO = YES;
				ONLY_ACTIVE_ARCH = YES;
				SDKROOT = iphoneos;
				SWIFT_ACTIVE_COMPILATION_CONDITIONS = DEBUG;
				SWIFT_OPTIMIZATION_LEVEL = "-Onone";
				TARGETED_DEVICE_FAMILY = "1,2";
			};
			name = Debug;
		};
		392001021DC0F0880083B942 /* Release */ = {
			isa = XCBuildConfiguration;
			buildSettings = {
				ALWAYS_SEARCH_USER_PATHS = NO;
				CLANG_ANALYZER_NONNULL = YES;
				CLANG_CXX_LANGUAGE_STANDARD = "gnu++0x";
				CLANG_CXX_LIBRARY = "libc++";
				CLANG_ENABLE_MODULES = YES;
				CLANG_ENABLE_OBJC_ARC = YES;
				CLANG_WARN_BOOL_CONVERSION = YES;
				CLANG_WARN_CONSTANT_CONVERSION = YES;
				CLANG_WARN_DIRECT_OBJC_ISA_USAGE = YES_ERROR;
				CLANG_WARN_DOCUMENTATION_COMMENTS = YES;
				CLANG_WARN_EMPTY_BODY = YES;
				CLANG_WARN_ENUM_CONVERSION = YES;
				CLANG_WARN_INFINITE_RECURSION = YES;
				CLANG_WARN_INT_CONVERSION = YES;
				CLANG_WARN_OBJC_ROOT_CLASS = YES_ERROR;
				CLANG_WARN_SUSPICIOUS_MOVE = YES;
				CLANG_WARN_SUSPICIOUS_MOVES = YES;
				CLANG_WARN_UNREACHABLE_CODE = YES;
				CLANG_WARN__DUPLICATE_METHOD_MATCH = YES;
				"CODE_SIGN_IDENTITY[sdk=iphoneos*]" = "iPhone Developer";
				COPY_PHASE_STRIP = NO;
				DEBUG_INFORMATION_FORMAT = "dwarf-with-dsym";
				ENABLE_NS_ASSERTIONS = NO;
				ENABLE_STRICT_OBJC_MSGSEND = YES;
				GCC_C_LANGUAGE_STANDARD = gnu99;
				GCC_NO_COMMON_BLOCKS = YES;
				GCC_WARN_64_TO_32_BIT_CONVERSION = YES;
				GCC_WARN_ABOUT_RETURN_TYPE = YES_ERROR;
				GCC_WARN_UNDECLARED_SELECTOR = YES;
				GCC_WARN_UNINITIALIZED_AUTOS = YES_AGGRESSIVE;
				GCC_WARN_UNUSED_FUNCTION = YES;
				GCC_WARN_UNUSED_VARIABLE = YES;
				IPHONEOS_DEPLOYMENT_TARGET = 10.0;
				MTL_ENABLE_DEBUG_INFO = NO;
				SDKROOT = iphoneos;
				SWIFT_OPTIMIZATION_LEVEL = "-Owholemodule";
				TARGETED_DEVICE_FAMILY = "1,2";
				VALIDATE_PRODUCT = YES;
			};
			name = Release;
		};
		392001041DC0F0880083B942 /* Debug */ = {
			isa = XCBuildConfiguration;
			buildSettings = {
				ASSETCATALOG_COMPILER_APPICON_NAME = AppIcon;
				FRAMEWORK_SEARCH_PATHS = (
					"$(inherited)",
					"$(PROJECT_DIR)/Carthage/Build/iOS",
				);
				INFOPLIST_FILE = Questionnaire/Info.plist;
				LD_RUNPATH_SEARCH_PATHS = "$(inherited) @executable_path/Frameworks";
				PRODUCT_BUNDLE_IDENTIFIER = com.brunoaybar.Questionnaire;
				PRODUCT_NAME = "$(TARGET_NAME)";
				SWIFT_VERSION = 3.0;
			};
			name = Debug;
		};
		392001051DC0F0880083B942 /* Release */ = {
			isa = XCBuildConfiguration;
			buildSettings = {
				ASSETCATALOG_COMPILER_APPICON_NAME = AppIcon;
				FRAMEWORK_SEARCH_PATHS = (
					"$(inherited)",
					"$(PROJECT_DIR)/Carthage/Build/iOS",
				);
				INFOPLIST_FILE = Questionnaire/Info.plist;
				LD_RUNPATH_SEARCH_PATHS = "$(inherited) @executable_path/Frameworks";
				PRODUCT_BUNDLE_IDENTIFIER = com.brunoaybar.Questionnaire;
				PRODUCT_NAME = "$(TARGET_NAME)";
				SWIFT_VERSION = 3.0;
			};
			name = Release;
		};
		395AA4A51DD53D6400631CF2 /* Debug */ = {
			isa = XCBuildConfiguration;
			buildSettings = {
				ASSETCATALOG_COMPILER_APPICON_NAME = AppIcon;
				FRAMEWORK_SEARCH_PATHS = (
					"$(inherited)",
					"$(PROJECT_DIR)/Carthage/Build/iOS",
				);
				INFOPLIST_FILE = "Questionnaire copy-Info.plist";
				LD_RUNPATH_SEARCH_PATHS = "$(inherited) @executable_path/Frameworks";
				PRODUCT_BUNDLE_IDENTIFIER = com.brunoaybar.Questionnaire;
				PRODUCT_NAME = "$(TARGET_NAME)";
				SWIFT_VERSION = 3.0;
			};
			name = Debug;
		};
		395AA4A61DD53D6400631CF2 /* Release */ = {
			isa = XCBuildConfiguration;
			buildSettings = {
				ASSETCATALOG_COMPILER_APPICON_NAME = AppIcon;
				FRAMEWORK_SEARCH_PATHS = (
					"$(inherited)",
					"$(PROJECT_DIR)/Carthage/Build/iOS",
				);
				INFOPLIST_FILE = "Questionnaire copy-Info.plist";
				LD_RUNPATH_SEARCH_PATHS = "$(inherited) @executable_path/Frameworks";
				PRODUCT_BUNDLE_IDENTIFIER = com.brunoaybar.Questionnaire;
				PRODUCT_NAME = "$(TARGET_NAME)";
				SWIFT_VERSION = 3.0;
			};
			name = Release;
		};
		395AA4FE1DD53F6400631CF2 /* Debug */ = {
			isa = XCBuildConfiguration;
			buildSettings = {
				ASSETCATALOG_COMPILER_APPICON_NAME = AppIcon;
				FRAMEWORK_SEARCH_PATHS = (
					"$(inherited)",
					"$(PROJECT_DIR)/Carthage/Build/iOS",
				);
				INFOPLIST_FILE = "Questionnaire B copy-Info.plist";
				LD_RUNPATH_SEARCH_PATHS = "$(inherited) @executable_path/Frameworks";
				PRODUCT_BUNDLE_IDENTIFIER = com.brunoaybar.Questionnaire;
				PRODUCT_NAME = "$(TARGET_NAME)";
				SWIFT_VERSION = 3.0;
			};
			name = Debug;
		};
		395AA4FF1DD53F6400631CF2 /* Release */ = {
			isa = XCBuildConfiguration;
			buildSettings = {
				ASSETCATALOG_COMPILER_APPICON_NAME = AppIcon;
				FRAMEWORK_SEARCH_PATHS = (
					"$(inherited)",
					"$(PROJECT_DIR)/Carthage/Build/iOS",
				);
				INFOPLIST_FILE = "Questionnaire B copy-Info.plist";
				LD_RUNPATH_SEARCH_PATHS = "$(inherited) @executable_path/Frameworks";
				PRODUCT_BUNDLE_IDENTIFIER = com.brunoaybar.Questionnaire;
				PRODUCT_NAME = "$(TARGET_NAME)";
				SWIFT_VERSION = 3.0;
			};
			name = Release;
		};
/* End XCBuildConfiguration section */

/* Begin XCConfigurationList section */
		392000EA1DC0F0880083B942 /* Build configuration list for PBXProject "Questionnaire" */ = {
			isa = XCConfigurationList;
			buildConfigurations = (
				392001011DC0F0880083B942 /* Debug */,
				392001021DC0F0880083B942 /* Release */,
			);
			defaultConfigurationIsVisible = 0;
			defaultConfigurationName = Release;
		};
		392001031DC0F0880083B942 /* Build configuration list for PBXNativeTarget "Questionnaire A" */ = {
			isa = XCConfigurationList;
			buildConfigurations = (
				392001041DC0F0880083B942 /* Debug */,
				392001051DC0F0880083B942 /* Release */,
			);
			defaultConfigurationIsVisible = 0;
			defaultConfigurationName = Release;
		};
		395AA4A41DD53D6400631CF2 /* Build configuration list for PBXNativeTarget "Questionnaire B" */ = {
			isa = XCConfigurationList;
			buildConfigurations = (
				395AA4A51DD53D6400631CF2 /* Debug */,
				395AA4A61DD53D6400631CF2 /* Release */,
			);
			defaultConfigurationIsVisible = 0;
			defaultConfigurationName = Release;
		};
		395AA4FD1DD53F6400631CF2 /* Build configuration list for PBXNativeTarget "Questionnaire C" */ = {
			isa = XCConfigurationList;
			buildConfigurations = (
				395AA4FE1DD53F6400631CF2 /* Debug */,
				395AA4FF1DD53F6400631CF2 /* Release */,
			);
			defaultConfigurationIsVisible = 0;
			defaultConfigurationName = Release;
		};
/* End XCConfigurationList section */

/* Begin XCVersionGroup section */
		39459B461DD0C39000D967A2 /* Questionnaire.xcdatamodeld */ = {
			isa = XCVersionGroup;
			children = (
				39459B471DD0C39000D967A2 /* Questionnaire.xcdatamodel */,
			);
			currentVersion = 39459B471DD0C39000D967A2 /* Questionnaire.xcdatamodel */;
			name = Questionnaire.xcdatamodeld;
			path = Data/Source/Questionnaire.xcdatamodeld;
			sourceTree = "<group>";
			versionGroupType = wrapper.xcdatamodel;
		};
/* End XCVersionGroup section */
	};
	rootObject = 392000E71DC0F0880083B942 /* Project object */;
}
